// !$*UTF8*$!
{
	archiveVersion = 1;
	classes = {
	};
	objectVersion = 46;
	objects = {

/* Begin PBXBuildFile section */
		A6C56A15189FC8DF00DFAA00 /* Cocoa.framework in Frameworks */ = {isa = PBXBuildFile; fileRef = A6C56A14189FC8DF00DFAA00 /* Cocoa.framework */; };
		A6C56A1F189FC8DF00DFAA00 /* InfoPlist.strings in Resources */ = {isa = PBXBuildFile; fileRef = A6C56A1D189FC8DF00DFAA00 /* InfoPlist.strings */; };
		A6C56A21189FC8DF00DFAA00 /* main.m in Sources */ = {isa = PBXBuildFile; fileRef = A6C56A20189FC8DF00DFAA00 /* main.m */; };
		A6C56A25189FC8DF00DFAA00 /* Credits.rtf in Resources */ = {isa = PBXBuildFile; fileRef = A6C56A23189FC8DF00DFAA00 /* Credits.rtf */; };
		A6C56A28189FC8DF00DFAA00 /* AppDelegate.mm in Sources */ = {isa = PBXBuildFile; fileRef = A6C56A27189FC8DF00DFAA00 /* AppDelegate.mm */; };
		A6C56A2B189FC8DF00DFAA00 /* MainMenu.xib in Resources */ = {isa = PBXBuildFile; fileRef = A6C56A29189FC8DF00DFAA00 /* MainMenu.xib */; };
		A6C56A2D189FC8DF00DFAA00 /* Images.xcassets in Resources */ = {isa = PBXBuildFile; fileRef = A6C56A2C189FC8DF00DFAA00 /* Images.xcassets */; };
		A6C56A34189FC8DF00DFAA00 /* XCTest.framework in Frameworks */ = {isa = PBXBuildFile; fileRef = A6C56A33189FC8DF00DFAA00 /* XCTest.framework */; };
		A6C56A35189FC8DF00DFAA00 /* Cocoa.framework in Frameworks */ = {isa = PBXBuildFile; fileRef = A6C56A14189FC8DF00DFAA00 /* Cocoa.framework */; };
		A6C56A4A189FCA0E00DFAA00 /* GLView.mm in Sources */ = {isa = PBXBuildFile; fileRef = A6C56A49189FCA0E00DFAA00 /* GLView.mm */; };
		A6C56A4C189FCACC00DFAA00 /* OpenGL.framework in Frameworks */ = {isa = PBXBuildFile; fileRef = A6C56A4B189FCACC00DFAA00 /* OpenGL.framework */; };
		A6C56A4E189FD07C00DFAA00 /* CoreVideo.framework in Frameworks */ = {isa = PBXBuildFile; fileRef = A6C56A4D189FD07C00DFAA00 /* CoreVideo.framework */; };
		A6C56A5218A102DD00DFAA00 /* Quantize.cpp in Sources */ = {isa = PBXBuildFile; fileRef = A6C56A5018A102DD00DFAA00 /* Quantize.cpp */; };
		A6C56AA218A106F000DFAA00 /* basic.fsh in Sources */ = {isa = PBXBuildFile; fileRef = A6C56AA018A106F000DFAA00 /* basic.fsh */; };
		A6C56AA318A106F000DFAA00 /* basic.vsh in Sources */ = {isa = PBXBuildFile; fileRef = A6C56AA118A106F000DFAA00 /* basic.vsh */; };
		A6C56C2718A139EB00DFAA00 /* Frmath.cpp in Sources */ = {isa = PBXBuildFile; fileRef = A6C56C1418A139EB00DFAA00 /* Frmath.cpp */; };
		A6C56C2818A139EB00DFAA00 /* Intersections.cpp in Sources */ = {isa = PBXBuildFile; fileRef = A6C56C1618A139EB00DFAA00 /* Intersections.cpp */; };
		A6C56C2918A139EB00DFAA00 /* Matrix33.cpp in Sources */ = {isa = PBXBuildFile; fileRef = A6C56C1818A139EB00DFAA00 /* Matrix33.cpp */; };
		A6C56C2A18A139EB00DFAA00 /* Matrix44.cpp in Sources */ = {isa = PBXBuildFile; fileRef = A6C56C1A18A139EB00DFAA00 /* Matrix44.cpp */; };
		A6C56C2D18A139EB00DFAA00 /* Vector2.cpp in Sources */ = {isa = PBXBuildFile; fileRef = A6C56C2118A139EB00DFAA00 /* Vector2.cpp */; };
		A6C56C2E18A139EB00DFAA00 /* Vector3.cpp in Sources */ = {isa = PBXBuildFile; fileRef = A6C56C2318A139EB00DFAA00 /* Vector3.cpp */; };
		A6C56C2F18A139EB00DFAA00 /* Vector4.cpp in Sources */ = {isa = PBXBuildFile; fileRef = A6C56C2518A139EB00DFAA00 /* Vector4.cpp */; };
		A6C56C4F18A2AA5000DFAA00 /* png.c in Sources */ = {isa = PBXBuildFile; fileRef = A6C56C3618A2AA5000DFAA00 /* png.c */; };
		A6C56C5018A2AA5000DFAA00 /* pngerror.c in Sources */ = {isa = PBXBuildFile; fileRef = A6C56C3A18A2AA5000DFAA00 /* pngerror.c */; };
		A6C56C5118A2AA5000DFAA00 /* pngget.c in Sources */ = {isa = PBXBuildFile; fileRef = A6C56C3B18A2AA5000DFAA00 /* pngget.c */; };
		A6C56C5218A2AA5000DFAA00 /* pngmem.c in Sources */ = {isa = PBXBuildFile; fileRef = A6C56C3E18A2AA5000DFAA00 /* pngmem.c */; };
		A6C56C5318A2AA5000DFAA00 /* pngpread.c in Sources */ = {isa = PBXBuildFile; fileRef = A6C56C3F18A2AA5000DFAA00 /* pngpread.c */; };
		A6C56C5418A2AA5000DFAA00 /* pngread.c in Sources */ = {isa = PBXBuildFile; fileRef = A6C56C4118A2AA5000DFAA00 /* pngread.c */; };
		A6C56C5518A2AA5000DFAA00 /* pngrio.c in Sources */ = {isa = PBXBuildFile; fileRef = A6C56C4218A2AA5000DFAA00 /* pngrio.c */; };
		A6C56C5618A2AA5000DFAA00 /* pngrtran.c in Sources */ = {isa = PBXBuildFile; fileRef = A6C56C4318A2AA5000DFAA00 /* pngrtran.c */; };
		A6C56C5718A2AA5000DFAA00 /* pngrutil.c in Sources */ = {isa = PBXBuildFile; fileRef = A6C56C4418A2AA5000DFAA00 /* pngrutil.c */; };
		A6C56C5818A2AA5000DFAA00 /* pngset.c in Sources */ = {isa = PBXBuildFile; fileRef = A6C56C4518A2AA5000DFAA00 /* pngset.c */; };
		A6C56C5918A2AA5000DFAA00 /* pngtrans.c in Sources */ = {isa = PBXBuildFile; fileRef = A6C56C4718A2AA5000DFAA00 /* pngtrans.c */; };
		A6C56C5A18A2AA5000DFAA00 /* pngvalid.c in Sources */ = {isa = PBXBuildFile; fileRef = A6C56C4818A2AA5000DFAA00 /* pngvalid.c */; };
		A6C56C5B18A2AA5000DFAA00 /* pngwio.c in Sources */ = {isa = PBXBuildFile; fileRef = A6C56C4918A2AA5000DFAA00 /* pngwio.c */; };
		A6C56C5C18A2AA5000DFAA00 /* pngwrite.c in Sources */ = {isa = PBXBuildFile; fileRef = A6C56C4A18A2AA5000DFAA00 /* pngwrite.c */; };
		A6C56C5D18A2AA5000DFAA00 /* pngwtran.c in Sources */ = {isa = PBXBuildFile; fileRef = A6C56C4B18A2AA5000DFAA00 /* pngwtran.c */; };
		A6C56C5E18A2AA5000DFAA00 /* pngwutil.c in Sources */ = {isa = PBXBuildFile; fileRef = A6C56C4C18A2AA5000DFAA00 /* pngwutil.c */; };
		A6C56C6018A2ABB400DFAA00 /* libz.dylib in Frameworks */ = {isa = PBXBuildFile; fileRef = A6C56C5F18A2ABB400DFAA00 /* libz.dylib */; };
		A6C56C6918A58C4D00DFAA00 /* tinyxml2.cpp in Sources */ = {isa = PBXBuildFile; fileRef = A6C56C6218A58C4D00DFAA00 /* tinyxml2.cpp */; };
		A6C56C6F18A5924E00DFAA00 /* postp.vsh in Sources */ = {isa = PBXBuildFile; fileRef = A6C56C6D18A5924E00DFAA00 /* postp.vsh */; };
		A6C56C7018A5924E00DFAA00 /* postp.fsh in Sources */ = {isa = PBXBuildFile; fileRef = A6C56C6E18A5924E00DFAA00 /* postp.fsh */; };
		A6C56CEB18AA926A00DFAA00 /* Cockpit.png in Resources */ = {isa = PBXBuildFile; fileRef = A6C56CA918AA926A00DFAA00 /* Cockpit.png */; };
		A6C56CEC18AA926A00DFAA00 /* Cockpit.tga in Resources */ = {isa = PBXBuildFile; fileRef = A6C56CAA18AA926A00DFAA00 /* Cockpit.tga */; };
		A6C56CED18AA926A00DFAA00 /* Glass.png in Resources */ = {isa = PBXBuildFile; fileRef = A6C56CAB18AA926A00DFAA00 /* Glass.png */; };
		A6C56CEE18AA926A00DFAA00 /* Glass.tga in Resources */ = {isa = PBXBuildFile; fileRef = A6C56CAC18AA926A00DFAA00 /* Glass.tga */; };
		A6C56CEF18AA926A00DFAA00 /* Main Body 2.png in Resources */ = {isa = PBXBuildFile; fileRef = A6C56CAD18AA926A00DFAA00 /* Main Body 2.png */; };
		A6C56CF018AA926A00DFAA00 /* Main Body 2.tga in Resources */ = {isa = PBXBuildFile; fileRef = A6C56CAE18AA926A00DFAA00 /* Main Body 2.tga */; };
		A6C56CF118AA926A00DFAA00 /* Main Body.png in Resources */ = {isa = PBXBuildFile; fileRef = A6C56CAF18AA926A00DFAA00 /* Main Body.png */; };
		A6C56CF218AA926A00DFAA00 /* Main Body.tga in Resources */ = {isa = PBXBuildFile; fileRef = A6C56CB018AA926A00DFAA00 /* Main Body.tga */; };
		A6C56CF318AA926A00DFAA00 /* p39.3DS in Resources */ = {isa = PBXBuildFile; fileRef = A6C56CB118AA926A00DFAA00 /* p39.3DS */; };
		A6C56CF418AA926A00DFAA00 /* p39.c4d in Resources */ = {isa = PBXBuildFile; fileRef = A6C56CB218AA926A00DFAA00 /* p39.c4d */; };
		A6C56CF518AA926A00DFAA00 /* p39.dae in Resources */ = {isa = PBXBuildFile; fileRef = A6C56CB318AA926A00DFAA00 /* p39.dae */; };
		A6C56CF618AA926A00DFAA00 /* P39.max in Resources */ = {isa = PBXBuildFile; fileRef = A6C56CB418AA926A00DFAA00 /* P39.max */; };
		A6C56CF718AA926A00DFAA00 /* p39.obj in Resources */ = {isa = PBXBuildFile; fileRef = A6C56CB518AA926A00DFAA00 /* p39.obj */; };
		A6C56CF818AA926A00DFAA00 /* P39.png in Resources */ = {isa = PBXBuildFile; fileRef = A6C56CB618AA926A00DFAA00 /* P39.png */; };
		A6C56CF918AA926A00DFAA00 /* P39.pz3 in Resources */ = {isa = PBXBuildFile; fileRef = A6C56CB718AA926A00DFAA00 /* P39.pz3 */; };
		A6C56CFA18AA926A00DFAA00 /* Body Front.png in Resources */ = {isa = PBXBuildFile; fileRef = A6C56CB918AA926A00DFAA00 /* Body Front.png */; };
		A6C56CFB18AA926A00DFAA00 /* Body Front.tga in Resources */ = {isa = PBXBuildFile; fileRef = A6C56CBA18AA926A00DFAA00 /* Body Front.tga */; };
		A6C56CFC18AA926A00DFAA00 /* Body Rear.png in Resources */ = {isa = PBXBuildFile; fileRef = A6C56CBB18AA926A00DFAA00 /* Body Rear.png */; };
		A6C56CFD18AA926A00DFAA00 /* Body Rear.tga in Resources */ = {isa = PBXBuildFile; fileRef = A6C56CBC18AA926A00DFAA00 /* Body Rear.tga */; };
		A6C56CFE18AA926A00DFAA00 /* Dials.png in Resources */ = {isa = PBXBuildFile; fileRef = A6C56CBD18AA926A00DFAA00 /* Dials.png */; };
		A6C56CFF18AA926A00DFAA00 /* Dials.tga in Resources */ = {isa = PBXBuildFile; fileRef = A6C56CBE18AA926A00DFAA00 /* Dials.tga */; };
		A6C56D0018AA926A00DFAA00 /* glass 1.png in Resources */ = {isa = PBXBuildFile; fileRef = A6C56CBF18AA926A00DFAA00 /* glass 1.png */; };
		A6C56D0118AA926A00DFAA00 /* glass 1.tga in Resources */ = {isa = PBXBuildFile; fileRef = A6C56CC018AA926A00DFAA00 /* glass 1.tga */; };
		A6C56D0218AA926A00DFAA00 /* HEINKEL.3DS in Resources */ = {isa = PBXBuildFile; fileRef = A6C56CC118AA926A00DFAA00 /* HEINKEL.3DS */; };
		A6C56D0318AA926A00DFAA00 /* HEINKEL.c4d in Resources */ = {isa = PBXBuildFile; fileRef = A6C56CC218AA926A00DFAA00 /* HEINKEL.c4d */; };
		A6C56D0418AA926A00DFAA00 /* HEINKEL.dae in Resources */ = {isa = PBXBuildFile; fileRef = A6C56CC318AA926A00DFAA00 /* HEINKEL.dae */; };
		A6C56D0518AA926A00DFAA00 /* HEINKEL.obj in Resources */ = {isa = PBXBuildFile; fileRef = A6C56CC418AA926A00DFAA00 /* HEINKEL.obj */; };
		A6C56D0618AA926A00DFAA00 /* Heinkel.png in Resources */ = {isa = PBXBuildFile; fileRef = A6C56CC518AA926A00DFAA00 /* Heinkel.png */; };
		A6C56D0718AA926A00DFAA00 /* Heinkel.pz3 in Resources */ = {isa = PBXBuildFile; fileRef = A6C56CC618AA926A00DFAA00 /* Heinkel.pz3 */; };
		A6C56D0818AA926A00DFAA00 /* Parts 1.png in Resources */ = {isa = PBXBuildFile; fileRef = A6C56CC718AA926A00DFAA00 /* Parts 1.png */; };
		A6C56D0918AA926A00DFAA00 /* Parts 1.tga in Resources */ = {isa = PBXBuildFile; fileRef = A6C56CC818AA926A00DFAA00 /* Parts 1.tga */; };
		A6C56D0A18AA926A00DFAA00 /* parts 2.png in Resources */ = {isa = PBXBuildFile; fileRef = A6C56CC918AA926A00DFAA00 /* parts 2.png */; };
		A6C56D0B18AA926A00DFAA00 /* parts 2.tga in Resources */ = {isa = PBXBuildFile; fileRef = A6C56CCA18AA926A00DFAA00 /* parts 2.tga */; };
		A6C56D0C18AA926A00DFAA00 /* parts 3.png in Resources */ = {isa = PBXBuildFile; fileRef = A6C56CCB18AA926A00DFAA00 /* parts 3.png */; };
		A6C56D0D18AA926A00DFAA00 /* parts 3.tga in Resources */ = {isa = PBXBuildFile; fileRef = A6C56CCC18AA926A00DFAA00 /* parts 3.tga */; };
		A6C56D0E18AA926A00DFAA00 /* parts 4.png in Resources */ = {isa = PBXBuildFile; fileRef = A6C56CCD18AA926A00DFAA00 /* parts 4.png */; };
		A6C56D0F18AA926A00DFAA00 /* parts 4.tga in Resources */ = {isa = PBXBuildFile; fileRef = A6C56CCE18AA926A00DFAA00 /* parts 4.tga */; };
		A6C56D1018AA926A00DFAA00 /* pilot 2.png in Resources */ = {isa = PBXBuildFile; fileRef = A6C56CCF18AA926A00DFAA00 /* pilot 2.png */; };
		A6C56D1118AA926A00DFAA00 /* pilot 2.tga in Resources */ = {isa = PBXBuildFile; fileRef = A6C56CD018AA926A00DFAA00 /* pilot 2.tga */; };
		A6C56D1218AA926A00DFAA00 /* pilot.png in Resources */ = {isa = PBXBuildFile; fileRef = A6C56CD118AA926A00DFAA00 /* pilot.png */; };
		A6C56D1318AA926A00DFAA00 /* pilot.tga in Resources */ = {isa = PBXBuildFile; fileRef = A6C56CD218AA926A00DFAA00 /* pilot.tga */; };
		A6C56D1418AA926A00DFAA00 /* under.png in Resources */ = {isa = PBXBuildFile; fileRef = A6C56CD318AA926A00DFAA00 /* under.png */; };
		A6C56D1518AA926A00DFAA00 /* under.tga in Resources */ = {isa = PBXBuildFile; fileRef = A6C56CD418AA926A00DFAA00 /* under.tga */; };
		A6C56D1618AA926A00DFAA00 /* Wing Left.png in Resources */ = {isa = PBXBuildFile; fileRef = A6C56CD518AA926A00DFAA00 /* Wing Left.png */; };
		A6C56D1718AA926A00DFAA00 /* Wing Left.tga in Resources */ = {isa = PBXBuildFile; fileRef = A6C56CD618AA926A00DFAA00 /* Wing Left.tga */; };
		A6C56D1818AA926A00DFAA00 /* Wing Right.png in Resources */ = {isa = PBXBuildFile; fileRef = A6C56CD718AA926A00DFAA00 /* Wing Right.png */; };
		A6C56D1918AA926A00DFAA00 /* Wing Right.tga in Resources */ = {isa = PBXBuildFile; fileRef = A6C56CD818AA926A00DFAA00 /* Wing Right.tga */; };
		A6C56D1A18AA926A00DFAA00 /* ausfb.3DS in Resources */ = {isa = PBXBuildFile; fileRef = A6C56CDA18AA926A00DFAA00 /* ausfb.3DS */; };
		A6C56D1B18AA926A00DFAA00 /* ausfb.c4d in Resources */ = {isa = PBXBuildFile; fileRef = A6C56CDB18AA926A00DFAA00 /* ausfb.c4d */; };
		A6C56D1C18AA926A00DFAA00 /* ausfb.dae in Resources */ = {isa = PBXBuildFile; fileRef = A6C56CDC18AA926A00DFAA00 /* ausfb.dae */; };
		A6C56D1D18AA926A00DFAA00 /* ausfb.max in Resources */ = {isa = PBXBuildFile; fileRef = A6C56CDD18AA926A00DFAA00 /* ausfb.max */; };
		A6C56D1E18AA926A00DFAA00 /* ausfb.obj in Resources */ = {isa = PBXBuildFile; fileRef = A6C56CDE18AA926A00DFAA00 /* ausfb.obj */; };
		A6C56D1F18AA926A00DFAA00 /* AUSFB.png in Resources */ = {isa = PBXBuildFile; fileRef = A6C56CDF18AA926A00DFAA00 /* AUSFB.png */; };
		A6C56D2018AA926A00DFAA00 /* AUSFB.pz3 in Resources */ = {isa = PBXBuildFile; fileRef = A6C56CE018AA926A00DFAA00 /* AUSFB.pz3 */; };
		A6C56D2118AA926A00DFAA00 /* Body 1.png in Resources */ = {isa = PBXBuildFile; fileRef = A6C56CE118AA926A00DFAA00 /* Body 1.png */; };
		A6C56D2218AA926A00DFAA00 /* Body 1.tga in Resources */ = {isa = PBXBuildFile; fileRef = A6C56CE218AA926A00DFAA00 /* Body 1.tga */; };
		A6C56D2318AA926A00DFAA00 /* Body 2.png in Resources */ = {isa = PBXBuildFile; fileRef = A6C56CE318AA926A00DFAA00 /* Body 2.png */; };
		A6C56D2418AA926A00DFAA00 /* Body 2.tga in Resources */ = {isa = PBXBuildFile; fileRef = A6C56CE418AA926A00DFAA00 /* Body 2.tga */; };
		A6C56D2518AA926A00DFAA00 /* Track.png in Resources */ = {isa = PBXBuildFile; fileRef = A6C56CE518AA926A00DFAA00 /* Track.png */; };
		A6C56D2618AA926A00DFAA00 /* Track.tga in Resources */ = {isa = PBXBuildFile; fileRef = A6C56CE618AA926A00DFAA00 /* Track.tga */; };
		A6C56D2718AA926A00DFAA00 /* Turret 2.png in Resources */ = {isa = PBXBuildFile; fileRef = A6C56CE718AA926A00DFAA00 /* Turret 2.png */; };
		A6C56D2818AA926A00DFAA00 /* Turret 2.tga in Resources */ = {isa = PBXBuildFile; fileRef = A6C56CE818AA926A00DFAA00 /* Turret 2.tga */; };
		A6C56D2918AA926A00DFAA00 /* Turret.png in Resources */ = {isa = PBXBuildFile; fileRef = A6C56CE918AA926A00DFAA00 /* Turret.png */; };
		A6C56D2A18AA926A00DFAA00 /* Turret.tga in Resources */ = {isa = PBXBuildFile; fileRef = A6C56CEA18AA926A00DFAA00 /* Turret.tga */; };
		A6C56D5818AAA2BF00DFAA00 /* Gun.png in Resources */ = {isa = PBXBuildFile; fileRef = A6C56D2C18AAA2BF00DFAA00 /* Gun.png */; };
		A6C56D5918AAA2BF00DFAA00 /* Main Body 2.png in Resources */ = {isa = PBXBuildFile; fileRef = A6C56D2D18AAA2BF00DFAA00 /* Main Body 2.png */; };
		A6C56D5A18AAA2BF00DFAA00 /* Main Body.png in Resources */ = {isa = PBXBuildFile; fileRef = A6C56D2E18AAA2BF00DFAA00 /* Main Body.png */; };
		A6C56D5B18AAA2BF00DFAA00 /* T-90.3DS in Resources */ = {isa = PBXBuildFile; fileRef = A6C56D2F18AAA2BF00DFAA00 /* T-90.3DS */; };
		A6C56D5C18AAA2BF00DFAA00 /* T-90.c4d in Resources */ = {isa = PBXBuildFile; fileRef = A6C56D3018AAA2BF00DFAA00 /* T-90.c4d */; };
		A6C56D5D18AAA2BF00DFAA00 /* T-90.dae in Resources */ = {isa = PBXBuildFile; fileRef = A6C56D3118AAA2BF00DFAA00 /* T-90.dae */; };
		A6C56D5E18AAA2BF00DFAA00 /* T-90.jpg in Resources */ = {isa = PBXBuildFile; fileRef = A6C56D3218AAA2BF00DFAA00 /* T-90.jpg */; };
		A6C56D5F18AAA2BF00DFAA00 /* T-90.max in Resources */ = {isa = PBXBuildFile; fileRef = A6C56D3318AAA2BF00DFAA00 /* T-90.max */; };
		A6C56D6018AAA2BF00DFAA00 /* T-90.obj in Resources */ = {isa = PBXBuildFile; fileRef = A6C56D3418AAA2BF00DFAA00 /* T-90.obj */; };
		A6C56D6118AAA2BF00DFAA00 /* T-90.pz3 in Resources */ = {isa = PBXBuildFile; fileRef = A6C56D3518AAA2BF00DFAA00 /* T-90.pz3 */; };
		A6C56D6218AAA2BF00DFAA00 /* Turret.png in Resources */ = {isa = PBXBuildFile; fileRef = A6C56D3618AAA2BF00DFAA00 /* Turret.png */; };
		A6C56D6318AAA2BF00DFAA00 /* Earth.dae in Resources */ = {isa = PBXBuildFile; fileRef = A6C56D3818AAA2BF00DFAA00 /* Earth.dae */; };
		A6C56D6418AAA2BF00DFAA00 /* Earth.mtl in Resources */ = {isa = PBXBuildFile; fileRef = A6C56D3918AAA2BF00DFAA00 /* Earth.mtl */; };
		A6C56D6518AAA2BF00DFAA00 /* Earth.obj in Resources */ = {isa = PBXBuildFile; fileRef = A6C56D3A18AAA2BF00DFAA00 /* Earth.obj */; };
		A6C56D6618AAA2BF00DFAA00 /* Earth_Clouds_D.png in Resources */ = {isa = PBXBuildFile; fileRef = A6C56D3B18AAA2BF00DFAA00 /* Earth_Clouds_D.png */; };
		A6C56D6718AAA2BF00DFAA00 /* Earth_Clouds_D.tga in Resources */ = {isa = PBXBuildFile; fileRef = A6C56D3C18AAA2BF00DFAA00 /* Earth_Clouds_D.tga */; };
		A6C56D6818AAA2BF00DFAA00 /* Earth_D.png in Resources */ = {isa = PBXBuildFile; fileRef = A6C56D3D18AAA2BF00DFAA00 /* Earth_D.png */; };
		A6C56D6918AAA2BF00DFAA00 /* Earth_D.tga in Resources */ = {isa = PBXBuildFile; fileRef = A6C56D3E18AAA2BF00DFAA00 /* Earth_D.tga */; };
		A6C56D6A18AAA2BF00DFAA00 /* Earth_N.png in Resources */ = {isa = PBXBuildFile; fileRef = A6C56D3F18AAA2BF00DFAA00 /* Earth_N.png */; };
		A6C56D6B18AAA2BF00DFAA00 /* Earth_N.tga in Resources */ = {isa = PBXBuildFile; fileRef = A6C56D4018AAA2BF00DFAA00 /* Earth_N.tga */; };
		A6C56D6C18AAA2BF00DFAA00 /* Earth_S.png in Resources */ = {isa = PBXBuildFile; fileRef = A6C56D4118AAA2BF00DFAA00 /* Earth_S.png */; };
		A6C56D6D18AAA2BF00DFAA00 /* Earth_S.tga in Resources */ = {isa = PBXBuildFile; fileRef = A6C56D4218AAA2BF00DFAA00 /* Earth_S.tga */; };
		A6C56D6E18AAA2BF00DFAA00 /* Alfa_Romeo.3ds in Resources */ = {isa = PBXBuildFile; fileRef = A6C56D4418AAA2BF00DFAA00 /* Alfa_Romeo.3ds */; };
		A6C56D6F18AAA2BF00DFAA00 /* Alfa_Romeo.max in Resources */ = {isa = PBXBuildFile; fileRef = A6C56D4518AAA2BF00DFAA00 /* Alfa_Romeo.max */; };
		A6C56D7018AAA2BF00DFAA00 /* Alfa_Romeo.mtl in Resources */ = {isa = PBXBuildFile; fileRef = A6C56D4618AAA2BF00DFAA00 /* Alfa_Romeo.mtl */; };
		A6C56D7118AAA2BF00DFAA00 /* Alfa_Romeo.obj in Resources */ = {isa = PBXBuildFile; fileRef = A6C56D4718AAA2BF00DFAA00 /* Alfa_Romeo.obj */; };
		A6C56D7218AAA2BF00DFAA00 /* backl01.jpg in Resources */ = {isa = PBXBuildFile; fileRef = A6C56D4818AAA2BF00DFAA00 /* backl01.jpg */; };
		A6C56D7318AAA2BF00DFAA00 /* backl01.png in Resources */ = {isa = PBXBuildFile; fileRef = A6C56D4918AAA2BF00DFAA00 /* backl01.png */; };
		A6C56D7418AAA2BF00DFAA00 /* grille a.png in Resources */ = {isa = PBXBuildFile; fileRef = A6C56D4A18AAA2BF00DFAA00 /* grille a.png */; };
		A6C56D7518AAA2BF00DFAA00 /* GRILLE alpha.bmp in Resources */ = {isa = PBXBuildFile; fileRef = A6C56D4B18AAA2BF00DFAA00 /* GRILLE alpha.bmp */; };
		A6C56D7618AAA2BF00DFAA00 /* grille alpha.png in Resources */ = {isa = PBXBuildFile; fileRef = A6C56D4C18AAA2BF00DFAA00 /* grille alpha.png */; };
		A6C56D7718AAA2BF00DFAA00 /* GRILLE.bmp in Resources */ = {isa = PBXBuildFile; fileRef = A6C56D4D18AAA2BF00DFAA00 /* GRILLE.bmp */; };
		A6C56D7818AAA2BF00DFAA00 /* grille.png in Resources */ = {isa = PBXBuildFile; fileRef = A6C56D4E18AAA2BF00DFAA00 /* grille.png */; };
		A6C56D7918AAA2BF00DFAA00 /* LICENSE.png in Resources */ = {isa = PBXBuildFile; fileRef = A6C56D4F18AAA2BF00DFAA00 /* LICENSE.png */; };
		A6C56D7A18AAA2BF00DFAA00 /* LICENSE.tga in Resources */ = {isa = PBXBuildFile; fileRef = A6C56D5018AAA2BF00DFAA00 /* LICENSE.tga */; };
		A6C56D7B18AAA2BF00DFAA00 /* LOGO.jpg in Resources */ = {isa = PBXBuildFile; fileRef = A6C56D5118AAA2BF00DFAA00 /* LOGO.jpg */; };
		A6C56D7C18AAA2BF00DFAA00 /* logo.png in Resources */ = {isa = PBXBuildFile; fileRef = A6C56D5218AAA2BF00DFAA00 /* logo.png */; };
		A6C56D7D18AAA2BF00DFAA00 /* readme.txt in Resources */ = {isa = PBXBuildFile; fileRef = A6C56D5318AAA2BF00DFAA00 /* readme.txt */; };
		A6C56D7E18AAA2BF00DFAA00 /* rs4-tire.jpg in Resources */ = {isa = PBXBuildFile; fileRef = A6C56D5418AAA2BF00DFAA00 /* rs4-tire.jpg */; };
		A6C56D7F18AAA2BF00DFAA00 /* rs4-tire.png in Resources */ = {isa = PBXBuildFile; fileRef = A6C56D5518AAA2BF00DFAA00 /* rs4-tire.png */; };
		A6C56D8018AAA2BF00DFAA00 /* sidelg.jpg in Resources */ = {isa = PBXBuildFile; fileRef = A6C56D5618AAA2BF00DFAA00 /* sidelg.jpg */; };
		A6C56D8118AAA2BF00DFAA00 /* sidelg.png in Resources */ = {isa = PBXBuildFile; fileRef = A6C56D5718AAA2BF00DFAA00 /* sidelg.png */; };
/* End PBXBuildFile section */

/* Begin PBXContainerItemProxy section */
		A6C56A36189FC8DF00DFAA00 /* PBXContainerItemProxy */ = {
			isa = PBXContainerItemProxy;
			containerPortal = A6C56A09189FC8DF00DFAA00 /* Project object */;
			proxyType = 1;
			remoteGlobalIDString = A6C56A10189FC8DF00DFAA00;
			remoteInfo = Quantize;
		};
/* End PBXContainerItemProxy section */

/* Begin PBXFileReference section */
		A6403D9418ACB9FA009116CF /* Light.h */ = {isa = PBXFileReference; lastKnownFileType = sourcecode.c.h; path = Light.h; sourceTree = "<group>"; };
		A6C56A11189FC8DF00DFAA00 /* Quantize.app */ = {isa = PBXFileReference; explicitFileType = wrapper.application; includeInIndex = 0; path = Quantize.app; sourceTree = BUILT_PRODUCTS_DIR; };
		A6C56A14189FC8DF00DFAA00 /* Cocoa.framework */ = {isa = PBXFileReference; lastKnownFileType = wrapper.framework; name = Cocoa.framework; path = System/Library/Frameworks/Cocoa.framework; sourceTree = SDKROOT; };
		A6C56A17189FC8DF00DFAA00 /* AppKit.framework */ = {isa = PBXFileReference; lastKnownFileType = wrapper.framework; name = AppKit.framework; path = System/Library/Frameworks/AppKit.framework; sourceTree = SDKROOT; };
		A6C56A18189FC8DF00DFAA00 /* CoreData.framework */ = {isa = PBXFileReference; lastKnownFileType = wrapper.framework; name = CoreData.framework; path = System/Library/Frameworks/CoreData.framework; sourceTree = SDKROOT; };
		A6C56A19189FC8DF00DFAA00 /* Foundation.framework */ = {isa = PBXFileReference; lastKnownFileType = wrapper.framework; name = Foundation.framework; path = System/Library/Frameworks/Foundation.framework; sourceTree = SDKROOT; };
		A6C56A1C189FC8DF00DFAA00 /* Quantize-Info.plist */ = {isa = PBXFileReference; lastKnownFileType = text.plist.xml; path = "Quantize-Info.plist"; sourceTree = "<group>"; };
		A6C56A1E189FC8DF00DFAA00 /* en */ = {isa = PBXFileReference; lastKnownFileType = text.plist.strings; name = en; path = en.lproj/InfoPlist.strings; sourceTree = "<group>"; };
		A6C56A20189FC8DF00DFAA00 /* main.m */ = {isa = PBXFileReference; lastKnownFileType = sourcecode.c.objc; path = main.m; sourceTree = "<group>"; };
		A6C56A22189FC8DF00DFAA00 /* Quantize-Prefix.pch */ = {isa = PBXFileReference; lastKnownFileType = sourcecode.c.h; path = "Quantize-Prefix.pch"; sourceTree = "<group>"; };
		A6C56A24189FC8DF00DFAA00 /* en */ = {isa = PBXFileReference; lastKnownFileType = text.rtf; name = en; path = en.lproj/Credits.rtf; sourceTree = "<group>"; };
		A6C56A26189FC8DF00DFAA00 /* AppDelegate.h */ = {isa = PBXFileReference; lastKnownFileType = sourcecode.c.h; path = AppDelegate.h; sourceTree = "<group>"; };
		A6C56A27189FC8DF00DFAA00 /* AppDelegate.mm */ = {isa = PBXFileReference; lastKnownFileType = sourcecode.cpp.objcpp; path = AppDelegate.mm; sourceTree = "<group>"; };
		A6C56A2A189FC8DF00DFAA00 /* Base */ = {isa = PBXFileReference; lastKnownFileType = file.xib; name = Base; path = Base.lproj/MainMenu.xib; sourceTree = "<group>"; };
		A6C56A2C189FC8DF00DFAA00 /* Images.xcassets */ = {isa = PBXFileReference; lastKnownFileType = folder.assetcatalog; path = Images.xcassets; sourceTree = "<group>"; };
		A6C56A32189FC8DF00DFAA00 /* QuantizeTests.xctest */ = {isa = PBXFileReference; explicitFileType = wrapper.cfbundle; includeInIndex = 0; path = QuantizeTests.xctest; sourceTree = BUILT_PRODUCTS_DIR; };
		A6C56A33189FC8DF00DFAA00 /* XCTest.framework */ = {isa = PBXFileReference; lastKnownFileType = wrapper.framework; name = XCTest.framework; path = Library/Frameworks/XCTest.framework; sourceTree = DEVELOPER_DIR; };
		A6C56A48189FC9E300DFAA00 /* GLView.h */ = {isa = PBXFileReference; lastKnownFileType = sourcecode.c.h; name = GLView.h; path = Quantize/GLView.h; sourceTree = "<group>"; };
		A6C56A49189FCA0E00DFAA00 /* GLView.mm */ = {isa = PBXFileReference; fileEncoding = 4; lastKnownFileType = sourcecode.cpp.objcpp; name = GLView.mm; path = Quantize/GLView.mm; sourceTree = "<group>"; };
		A6C56A4B189FCACC00DFAA00 /* OpenGL.framework */ = {isa = PBXFileReference; lastKnownFileType = wrapper.framework; name = OpenGL.framework; path = System/Library/Frameworks/OpenGL.framework; sourceTree = SDKROOT; };
		A6C56A4D189FD07C00DFAA00 /* CoreVideo.framework */ = {isa = PBXFileReference; lastKnownFileType = wrapper.framework; name = CoreVideo.framework; path = System/Library/Frameworks/CoreVideo.framework; sourceTree = SDKROOT; };
		A6C56A5018A102DD00DFAA00 /* Quantize.cpp */ = {isa = PBXFileReference; fileEncoding = 4; lastKnownFileType = sourcecode.cpp.cpp; path = Quantize.cpp; sourceTree = "<group>"; };
		A6C56A5118A102DD00DFAA00 /* Quantize.h */ = {isa = PBXFileReference; fileEncoding = 4; lastKnownFileType = sourcecode.c.h; path = Quantize.h; sourceTree = "<group>"; };
		A6C56AA018A106F000DFAA00 /* basic.fsh */ = {isa = PBXFileReference; fileEncoding = 4; lastKnownFileType = sourcecode.glsl; path = basic.fsh; sourceTree = "<group>"; };
		A6C56AA118A106F000DFAA00 /* basic.vsh */ = {isa = PBXFileReference; fileEncoding = 4; lastKnownFileType = sourcecode.glsl; path = basic.vsh; sourceTree = "<group>"; };
		A6C56AA518A1092A00DFAA00 /* Tools.h */ = {isa = PBXFileReference; lastKnownFileType = sourcecode.c.h; path = Tools.h; sourceTree = "<group>"; };
		A6C56C1418A139EB00DFAA00 /* Frmath.cpp */ = {isa = PBXFileReference; fileEncoding = 4; lastKnownFileType = sourcecode.cpp.cpp; path = Frmath.cpp; sourceTree = "<group>"; };
		A6C56C1518A139EB00DFAA00 /* Frmath.h */ = {isa = PBXFileReference; fileEncoding = 4; lastKnownFileType = sourcecode.c.h; path = Frmath.h; sourceTree = "<group>"; };
		A6C56C1618A139EB00DFAA00 /* Intersections.cpp */ = {isa = PBXFileReference; fileEncoding = 4; lastKnownFileType = sourcecode.cpp.cpp; path = Intersections.cpp; sourceTree = "<group>"; };
		A6C56C1718A139EB00DFAA00 /* Intersections.h */ = {isa = PBXFileReference; fileEncoding = 4; lastKnownFileType = sourcecode.c.h; path = Intersections.h; sourceTree = "<group>"; };
		A6C56C1818A139EB00DFAA00 /* Matrix33.cpp */ = {isa = PBXFileReference; fileEncoding = 4; lastKnownFileType = sourcecode.cpp.cpp; path = Matrix33.cpp; sourceTree = "<group>"; };
		A6C56C1918A139EB00DFAA00 /* Matrix33.h */ = {isa = PBXFileReference; fileEncoding = 4; lastKnownFileType = sourcecode.c.h; path = Matrix33.h; sourceTree = "<group>"; };
		A6C56C1A18A139EB00DFAA00 /* Matrix44.cpp */ = {isa = PBXFileReference; fileEncoding = 4; lastKnownFileType = sourcecode.cpp.cpp; path = Matrix44.cpp; sourceTree = "<group>"; };
		A6C56C1B18A139EB00DFAA00 /* Matrix44.h */ = {isa = PBXFileReference; fileEncoding = 4; lastKnownFileType = sourcecode.c.h; path = Matrix44.h; sourceTree = "<group>"; };
		A6C56C2118A139EB00DFAA00 /* Vector2.cpp */ = {isa = PBXFileReference; fileEncoding = 4; lastKnownFileType = sourcecode.cpp.cpp; path = Vector2.cpp; sourceTree = "<group>"; };
		A6C56C2218A139EB00DFAA00 /* Vector2.h */ = {isa = PBXFileReference; fileEncoding = 4; lastKnownFileType = sourcecode.c.h; path = Vector2.h; sourceTree = "<group>"; };
		A6C56C2318A139EB00DFAA00 /* Vector3.cpp */ = {isa = PBXFileReference; fileEncoding = 4; lastKnownFileType = sourcecode.cpp.cpp; path = Vector3.cpp; sourceTree = "<group>"; };
		A6C56C2418A139EB00DFAA00 /* Vector3.h */ = {isa = PBXFileReference; fileEncoding = 4; lastKnownFileType = sourcecode.c.h; path = Vector3.h; sourceTree = "<group>"; };
		A6C56C2518A139EB00DFAA00 /* Vector4.cpp */ = {isa = PBXFileReference; fileEncoding = 4; lastKnownFileType = sourcecode.cpp.cpp; path = Vector4.cpp; sourceTree = "<group>"; };
		A6C56C2618A139EB00DFAA00 /* Vector4.h */ = {isa = PBXFileReference; fileEncoding = 4; lastKnownFileType = sourcecode.c.h; path = Vector4.h; sourceTree = "<group>"; };
		A6C56C3018A1480200DFAA00 /* Model.h */ = {isa = PBXFileReference; lastKnownFileType = sourcecode.c.h; path = Model.h; sourceTree = "<group>"; };
		A6C56C3318A287E300DFAA00 /* Parser.h */ = {isa = PBXFileReference; lastKnownFileType = sourcecode.c.h; path = Parser.h; sourceTree = "<group>"; };
		A6C56C3418A2A88900DFAA00 /* Textures.h */ = {isa = PBXFileReference; lastKnownFileType = sourcecode.c.h; path = Textures.h; sourceTree = "<group>"; };
		A6C56C3618A2AA5000DFAA00 /* png.c */ = {isa = PBXFileReference; fileEncoding = 4; lastKnownFileType = sourcecode.c.c; path = png.c; sourceTree = "<group>"; };
		A6C56C3718A2AA5000DFAA00 /* png.h */ = {isa = PBXFileReference; fileEncoding = 4; lastKnownFileType = sourcecode.c.h; path = png.h; sourceTree = "<group>"; };
		A6C56C3818A2AA5000DFAA00 /* pngconf.h */ = {isa = PBXFileReference; fileEncoding = 4; lastKnownFileType = sourcecode.c.h; path = pngconf.h; sourceTree = "<group>"; };
		A6C56C3918A2AA5000DFAA00 /* pngdebug.h */ = {isa = PBXFileReference; fileEncoding = 4; lastKnownFileType = sourcecode.c.h; path = pngdebug.h; sourceTree = "<group>"; };
		A6C56C3A18A2AA5000DFAA00 /* pngerror.c */ = {isa = PBXFileReference; fileEncoding = 4; lastKnownFileType = sourcecode.c.c; path = pngerror.c; sourceTree = "<group>"; };
		A6C56C3B18A2AA5000DFAA00 /* pngget.c */ = {isa = PBXFileReference; fileEncoding = 4; lastKnownFileType = sourcecode.c.c; path = pngget.c; sourceTree = "<group>"; };
		A6C56C3C18A2AA5000DFAA00 /* pnginfo.h */ = {isa = PBXFileReference; fileEncoding = 4; lastKnownFileType = sourcecode.c.h; path = pnginfo.h; sourceTree = "<group>"; };
		A6C56C3D18A2AA5000DFAA00 /* pnglibconf.h */ = {isa = PBXFileReference; fileEncoding = 4; lastKnownFileType = sourcecode.c.h; path = pnglibconf.h; sourceTree = "<group>"; };
		A6C56C3E18A2AA5000DFAA00 /* pngmem.c */ = {isa = PBXFileReference; fileEncoding = 4; lastKnownFileType = sourcecode.c.c; path = pngmem.c; sourceTree = "<group>"; };
		A6C56C3F18A2AA5000DFAA00 /* pngpread.c */ = {isa = PBXFileReference; fileEncoding = 4; lastKnownFileType = sourcecode.c.c; path = pngpread.c; sourceTree = "<group>"; };
		A6C56C4018A2AA5000DFAA00 /* pngpriv.h */ = {isa = PBXFileReference; fileEncoding = 4; lastKnownFileType = sourcecode.c.h; path = pngpriv.h; sourceTree = "<group>"; };
		A6C56C4118A2AA5000DFAA00 /* pngread.c */ = {isa = PBXFileReference; fileEncoding = 4; lastKnownFileType = sourcecode.c.c; path = pngread.c; sourceTree = "<group>"; };
		A6C56C4218A2AA5000DFAA00 /* pngrio.c */ = {isa = PBXFileReference; fileEncoding = 4; lastKnownFileType = sourcecode.c.c; path = pngrio.c; sourceTree = "<group>"; };
		A6C56C4318A2AA5000DFAA00 /* pngrtran.c */ = {isa = PBXFileReference; fileEncoding = 4; lastKnownFileType = sourcecode.c.c; path = pngrtran.c; sourceTree = "<group>"; };
		A6C56C4418A2AA5000DFAA00 /* pngrutil.c */ = {isa = PBXFileReference; fileEncoding = 4; lastKnownFileType = sourcecode.c.c; path = pngrutil.c; sourceTree = "<group>"; };
		A6C56C4518A2AA5000DFAA00 /* pngset.c */ = {isa = PBXFileReference; fileEncoding = 4; lastKnownFileType = sourcecode.c.c; path = pngset.c; sourceTree = "<group>"; };
		A6C56C4618A2AA5000DFAA00 /* pngstruct.h */ = {isa = PBXFileReference; fileEncoding = 4; lastKnownFileType = sourcecode.c.h; path = pngstruct.h; sourceTree = "<group>"; };
		A6C56C4718A2AA5000DFAA00 /* pngtrans.c */ = {isa = PBXFileReference; fileEncoding = 4; lastKnownFileType = sourcecode.c.c; path = pngtrans.c; sourceTree = "<group>"; };
		A6C56C4818A2AA5000DFAA00 /* pngvalid.c */ = {isa = PBXFileReference; fileEncoding = 4; lastKnownFileType = sourcecode.c.c; path = pngvalid.c; sourceTree = "<group>"; };
		A6C56C4918A2AA5000DFAA00 /* pngwio.c */ = {isa = PBXFileReference; fileEncoding = 4; lastKnownFileType = sourcecode.c.c; path = pngwio.c; sourceTree = "<group>"; };
		A6C56C4A18A2AA5000DFAA00 /* pngwrite.c */ = {isa = PBXFileReference; fileEncoding = 4; lastKnownFileType = sourcecode.c.c; path = pngwrite.c; sourceTree = "<group>"; };
		A6C56C4B18A2AA5000DFAA00 /* pngwtran.c */ = {isa = PBXFileReference; fileEncoding = 4; lastKnownFileType = sourcecode.c.c; path = pngwtran.c; sourceTree = "<group>"; };
		A6C56C4C18A2AA5000DFAA00 /* pngwutil.c */ = {isa = PBXFileReference; fileEncoding = 4; lastKnownFileType = sourcecode.c.c; path = pngwutil.c; sourceTree = "<group>"; };
		A6C56C4E18A2AA5000DFAA00 /* cexcept.h */ = {isa = PBXFileReference; fileEncoding = 4; lastKnownFileType = sourcecode.c.h; path = cexcept.h; sourceTree = "<group>"; };
		A6C56C5F18A2ABB400DFAA00 /* libz.dylib */ = {isa = PBXFileReference; lastKnownFileType = "compiled.mach-o.dylib"; name = libz.dylib; path = usr/lib/libz.dylib; sourceTree = SDKROOT; };
		A6C56C6218A58C4D00DFAA00 /* tinyxml2.cpp */ = {isa = PBXFileReference; fileEncoding = 4; lastKnownFileType = sourcecode.cpp.cpp; path = tinyxml2.cpp; sourceTree = "<group>"; };
		A6C56C6318A58C4D00DFAA00 /* tinyxml2.h */ = {isa = PBXFileReference; fileEncoding = 4; lastKnownFileType = sourcecode.c.h; path = tinyxml2.h; sourceTree = "<group>"; };
		A6C56C6418A58C4D00DFAA00 /* Xml.h */ = {isa = PBXFileReference; fileEncoding = 4; lastKnownFileType = sourcecode.c.h; path = Xml.h; sourceTree = "<group>"; };
		A6C56C6D18A5924E00DFAA00 /* postp.vsh */ = {isa = PBXFileReference; fileEncoding = 4; lastKnownFileType = sourcecode.glsl; path = postp.vsh; sourceTree = "<group>"; };
		A6C56C6E18A5924E00DFAA00 /* postp.fsh */ = {isa = PBXFileReference; fileEncoding = 4; lastKnownFileType = sourcecode.glsl; path = postp.fsh; sourceTree = "<group>"; };
		A6C56CA718A8E9FC00DFAA00 /* Collada.h */ = {isa = PBXFileReference; lastKnownFileType = sourcecode.c.h; path = Collada.h; sourceTree = "<group>"; };
		A6C56CA918AA926A00DFAA00 /* Cockpit.png */ = {isa = PBXFileReference; lastKnownFileType = image.png; path = Cockpit.png; sourceTree = "<group>"; };
		A6C56CAA18AA926A00DFAA00 /* Cockpit.tga */ = {isa = PBXFileReference; lastKnownFileType = file; path = Cockpit.tga; sourceTree = "<group>"; };
		A6C56CAB18AA926A00DFAA00 /* Glass.png */ = {isa = PBXFileReference; lastKnownFileType = image.png; path = Glass.png; sourceTree = "<group>"; };
		A6C56CAC18AA926A00DFAA00 /* Glass.tga */ = {isa = PBXFileReference; lastKnownFileType = file; path = Glass.tga; sourceTree = "<group>"; };
		A6C56CAD18AA926A00DFAA00 /* Main Body 2.png */ = {isa = PBXFileReference; lastKnownFileType = image.png; path = "Main Body 2.png"; sourceTree = "<group>"; };
		A6C56CAE18AA926A00DFAA00 /* Main Body 2.tga */ = {isa = PBXFileReference; lastKnownFileType = file; path = "Main Body 2.tga"; sourceTree = "<group>"; };
		A6C56CAF18AA926A00DFAA00 /* Main Body.png */ = {isa = PBXFileReference; lastKnownFileType = image.png; path = "Main Body.png"; sourceTree = "<group>"; };
		A6C56CB018AA926A00DFAA00 /* Main Body.tga */ = {isa = PBXFileReference; lastKnownFileType = file; path = "Main Body.tga"; sourceTree = "<group>"; };
		A6C56CB118AA926A00DFAA00 /* p39.3DS */ = {isa = PBXFileReference; lastKnownFileType = file; path = p39.3DS; sourceTree = "<group>"; };
		A6C56CB218AA926A00DFAA00 /* p39.c4d */ = {isa = PBXFileReference; lastKnownFileType = file; path = p39.c4d; sourceTree = "<group>"; };
		A6C56CB318AA926A00DFAA00 /* p39.dae */ = {isa = PBXFileReference; fileEncoding = 4; lastKnownFileType = text.xml.dae; path = p39.dae; sourceTree = "<group>"; };
		A6C56CB418AA926A00DFAA00 /* P39.max */ = {isa = PBXFileReference; lastKnownFileType = file; path = P39.max; sourceTree = "<group>"; };
		A6C56CB518AA926A00DFAA00 /* p39.obj */ = {isa = PBXFileReference; fileEncoding = 4; lastKnownFileType = text; path = p39.obj; sourceTree = "<group>"; };
		A6C56CB618AA926A00DFAA00 /* P39.png */ = {isa = PBXFileReference; lastKnownFileType = image.png; path = P39.png; sourceTree = "<group>"; };
		A6C56CB718AA926A00DFAA00 /* P39.pz3 */ = {isa = PBXFileReference; fileEncoding = 4; lastKnownFileType = text; path = P39.pz3; sourceTree = "<group>"; };
		A6C56CB918AA926A00DFAA00 /* Body Front.png */ = {isa = PBXFileReference; lastKnownFileType = image.png; path = "Body Front.png"; sourceTree = "<group>"; };
		A6C56CBA18AA926A00DFAA00 /* Body Front.tga */ = {isa = PBXFileReference; lastKnownFileType = file; path = "Body Front.tga"; sourceTree = "<group>"; };
		A6C56CBB18AA926A00DFAA00 /* Body Rear.png */ = {isa = PBXFileReference; lastKnownFileType = image.png; path = "Body Rear.png"; sourceTree = "<group>"; };
		A6C56CBC18AA926A00DFAA00 /* Body Rear.tga */ = {isa = PBXFileReference; lastKnownFileType = file; path = "Body Rear.tga"; sourceTree = "<group>"; };
		A6C56CBD18AA926A00DFAA00 /* Dials.png */ = {isa = PBXFileReference; lastKnownFileType = image.png; path = Dials.png; sourceTree = "<group>"; };
		A6C56CBE18AA926A00DFAA00 /* Dials.tga */ = {isa = PBXFileReference; lastKnownFileType = file; path = Dials.tga; sourceTree = "<group>"; };
		A6C56CBF18AA926A00DFAA00 /* glass 1.png */ = {isa = PBXFileReference; lastKnownFileType = image.png; path = "glass 1.png"; sourceTree = "<group>"; };
		A6C56CC018AA926A00DFAA00 /* glass 1.tga */ = {isa = PBXFileReference; lastKnownFileType = file; path = "glass 1.tga"; sourceTree = "<group>"; };
		A6C56CC118AA926A00DFAA00 /* HEINKEL.3DS */ = {isa = PBXFileReference; lastKnownFileType = file; path = HEINKEL.3DS; sourceTree = "<group>"; };
		A6C56CC218AA926A00DFAA00 /* HEINKEL.c4d */ = {isa = PBXFileReference; lastKnownFileType = file; path = HEINKEL.c4d; sourceTree = "<group>"; };
		A6C56CC318AA926A00DFAA00 /* HEINKEL.dae */ = {isa = PBXFileReference; fileEncoding = 4; lastKnownFileType = text.xml.dae; path = HEINKEL.dae; sourceTree = "<group>"; };
		A6C56CC418AA926A00DFAA00 /* HEINKEL.obj */ = {isa = PBXFileReference; fileEncoding = 4; lastKnownFileType = text; path = HEINKEL.obj; sourceTree = "<group>"; };
		A6C56CC518AA926A00DFAA00 /* Heinkel.png */ = {isa = PBXFileReference; lastKnownFileType = image.png; path = Heinkel.png; sourceTree = "<group>"; };
		A6C56CC618AA926A00DFAA00 /* Heinkel.pz3 */ = {isa = PBXFileReference; fileEncoding = 4; lastKnownFileType = text; path = Heinkel.pz3; sourceTree = "<group>"; };
		A6C56CC718AA926A00DFAA00 /* Parts 1.png */ = {isa = PBXFileReference; lastKnownFileType = image.png; path = "Parts 1.png"; sourceTree = "<group>"; };
		A6C56CC818AA926A00DFAA00 /* Parts 1.tga */ = {isa = PBXFileReference; lastKnownFileType = file; path = "Parts 1.tga"; sourceTree = "<group>"; };
		A6C56CC918AA926A00DFAA00 /* parts 2.png */ = {isa = PBXFileReference; lastKnownFileType = image.png; path = "parts 2.png"; sourceTree = "<group>"; };
		A6C56CCA18AA926A00DFAA00 /* parts 2.tga */ = {isa = PBXFileReference; lastKnownFileType = file; path = "parts 2.tga"; sourceTree = "<group>"; };
		A6C56CCB18AA926A00DFAA00 /* parts 3.png */ = {isa = PBXFileReference; lastKnownFileType = image.png; path = "parts 3.png"; sourceTree = "<group>"; };
		A6C56CCC18AA926A00DFAA00 /* parts 3.tga */ = {isa = PBXFileReference; lastKnownFileType = file; path = "parts 3.tga"; sourceTree = "<group>"; };
		A6C56CCD18AA926A00DFAA00 /* parts 4.png */ = {isa = PBXFileReference; lastKnownFileType = image.png; path = "parts 4.png"; sourceTree = "<group>"; };
		A6C56CCE18AA926A00DFAA00 /* parts 4.tga */ = {isa = PBXFileReference; lastKnownFileType = file; path = "parts 4.tga"; sourceTree = "<group>"; };
		A6C56CCF18AA926A00DFAA00 /* pilot 2.png */ = {isa = PBXFileReference; lastKnownFileType = image.png; path = "pilot 2.png"; sourceTree = "<group>"; };
		A6C56CD018AA926A00DFAA00 /* pilot 2.tga */ = {isa = PBXFileReference; lastKnownFileType = file; path = "pilot 2.tga"; sourceTree = "<group>"; };
		A6C56CD118AA926A00DFAA00 /* pilot.png */ = {isa = PBXFileReference; lastKnownFileType = image.png; path = pilot.png; sourceTree = "<group>"; };
		A6C56CD218AA926A00DFAA00 /* pilot.tga */ = {isa = PBXFileReference; lastKnownFileType = file; path = pilot.tga; sourceTree = "<group>"; };
		A6C56CD318AA926A00DFAA00 /* under.png */ = {isa = PBXFileReference; lastKnownFileType = image.png; path = under.png; sourceTree = "<group>"; };
		A6C56CD418AA926A00DFAA00 /* under.tga */ = {isa = PBXFileReference; lastKnownFileType = file; path = under.tga; sourceTree = "<group>"; };
		A6C56CD518AA926A00DFAA00 /* Wing Left.png */ = {isa = PBXFileReference; lastKnownFileType = image.png; path = "Wing Left.png"; sourceTree = "<group>"; };
		A6C56CD618AA926A00DFAA00 /* Wing Left.tga */ = {isa = PBXFileReference; lastKnownFileType = file; path = "Wing Left.tga"; sourceTree = "<group>"; };
		A6C56CD718AA926A00DFAA00 /* Wing Right.png */ = {isa = PBXFileReference; lastKnownFileType = image.png; path = "Wing Right.png"; sourceTree = "<group>"; };
		A6C56CD818AA926A00DFAA00 /* Wing Right.tga */ = {isa = PBXFileReference; lastKnownFileType = file; path = "Wing Right.tga"; sourceTree = "<group>"; };
		A6C56CDA18AA926A00DFAA00 /* ausfb.3DS */ = {isa = PBXFileReference; lastKnownFileType = file; path = ausfb.3DS; sourceTree = "<group>"; };
		A6C56CDB18AA926A00DFAA00 /* ausfb.c4d */ = {isa = PBXFileReference; lastKnownFileType = file; path = ausfb.c4d; sourceTree = "<group>"; };
		A6C56CDC18AA926A00DFAA00 /* ausfb.dae */ = {isa = PBXFileReference; fileEncoding = 4; lastKnownFileType = text.xml.dae; path = ausfb.dae; sourceTree = "<group>"; };
		A6C56CDD18AA926A00DFAA00 /* ausfb.max */ = {isa = PBXFileReference; lastKnownFileType = file; path = ausfb.max; sourceTree = "<group>"; };
		A6C56CDE18AA926A00DFAA00 /* ausfb.obj */ = {isa = PBXFileReference; fileEncoding = 4; lastKnownFileType = text; path = ausfb.obj; sourceTree = "<group>"; };
		A6C56CDF18AA926A00DFAA00 /* AUSFB.png */ = {isa = PBXFileReference; lastKnownFileType = image.png; path = AUSFB.png; sourceTree = "<group>"; };
		A6C56CE018AA926A00DFAA00 /* AUSFB.pz3 */ = {isa = PBXFileReference; fileEncoding = 4; lastKnownFileType = text; path = AUSFB.pz3; sourceTree = "<group>"; };
		A6C56CE118AA926A00DFAA00 /* Body 1.png */ = {isa = PBXFileReference; lastKnownFileType = image.png; path = "Body 1.png"; sourceTree = "<group>"; };
		A6C56CE218AA926A00DFAA00 /* Body 1.tga */ = {isa = PBXFileReference; lastKnownFileType = file; path = "Body 1.tga"; sourceTree = "<group>"; };
		A6C56CE318AA926A00DFAA00 /* Body 2.png */ = {isa = PBXFileReference; lastKnownFileType = image.png; path = "Body 2.png"; sourceTree = "<group>"; };
		A6C56CE418AA926A00DFAA00 /* Body 2.tga */ = {isa = PBXFileReference; lastKnownFileType = file; path = "Body 2.tga"; sourceTree = "<group>"; };
		A6C56CE518AA926A00DFAA00 /* Track.png */ = {isa = PBXFileReference; lastKnownFileType = image.png; path = Track.png; sourceTree = "<group>"; };
		A6C56CE618AA926A00DFAA00 /* Track.tga */ = {isa = PBXFileReference; lastKnownFileType = file; path = Track.tga; sourceTree = "<group>"; };
		A6C56CE718AA926A00DFAA00 /* Turret 2.png */ = {isa = PBXFileReference; lastKnownFileType = image.png; path = "Turret 2.png"; sourceTree = "<group>"; };
		A6C56CE818AA926A00DFAA00 /* Turret 2.tga */ = {isa = PBXFileReference; lastKnownFileType = file; path = "Turret 2.tga"; sourceTree = "<group>"; };
		A6C56CE918AA926A00DFAA00 /* Turret.png */ = {isa = PBXFileReference; lastKnownFileType = image.png; path = Turret.png; sourceTree = "<group>"; };
		A6C56CEA18AA926A00DFAA00 /* Turret.tga */ = {isa = PBXFileReference; lastKnownFileType = file; path = Turret.tga; sourceTree = "<group>"; };
		A6C56D2C18AAA2BF00DFAA00 /* Gun.png */ = {isa = PBXFileReference; lastKnownFileType = image.png; path = Gun.png; sourceTree = "<group>"; };
		A6C56D2D18AAA2BF00DFAA00 /* Main Body 2.png */ = {isa = PBXFileReference; lastKnownFileType = image.png; path = "Main Body 2.png"; sourceTree = "<group>"; };
		A6C56D2E18AAA2BF00DFAA00 /* Main Body.png */ = {isa = PBXFileReference; lastKnownFileType = image.png; path = "Main Body.png"; sourceTree = "<group>"; };
		A6C56D2F18AAA2BF00DFAA00 /* T-90.3DS */ = {isa = PBXFileReference; lastKnownFileType = file; path = "T-90.3DS"; sourceTree = "<group>"; };
		A6C56D3018AAA2BF00DFAA00 /* T-90.c4d */ = {isa = PBXFileReference; lastKnownFileType = file; path = "T-90.c4d"; sourceTree = "<group>"; };
		A6C56D3118AAA2BF00DFAA00 /* T-90.dae */ = {isa = PBXFileReference; fileEncoding = 4; lastKnownFileType = text.xml.dae; path = "T-90.dae"; sourceTree = "<group>"; };
		A6C56D3218AAA2BF00DFAA00 /* T-90.jpg */ = {isa = PBXFileReference; lastKnownFileType = image.jpeg; path = "T-90.jpg"; sourceTree = "<group>"; };
		A6C56D3318AAA2BF00DFAA00 /* T-90.max */ = {isa = PBXFileReference; lastKnownFileType = file; path = "T-90.max"; sourceTree = "<group>"; };
		A6C56D3418AAA2BF00DFAA00 /* T-90.obj */ = {isa = PBXFileReference; fileEncoding = 4; lastKnownFileType = text; path = "T-90.obj"; sourceTree = "<group>"; };
		A6C56D3518AAA2BF00DFAA00 /* T-90.pz3 */ = {isa = PBXFileReference; fileEncoding = 4; lastKnownFileType = text; path = "T-90.pz3"; sourceTree = "<group>"; };
		A6C56D3618AAA2BF00DFAA00 /* Turret.png */ = {isa = PBXFileReference; lastKnownFileType = image.png; path = Turret.png; sourceTree = "<group>"; };
		A6C56D3818AAA2BF00DFAA00 /* Earth.dae */ = {isa = PBXFileReference; fileEncoding = 4; lastKnownFileType = text.xml.dae; path = Earth.dae; sourceTree = "<group>"; };
		A6C56D3918AAA2BF00DFAA00 /* Earth.mtl */ = {isa = PBXFileReference; fileEncoding = 4; lastKnownFileType = text; path = Earth.mtl; sourceTree = "<group>"; };
		A6C56D3A18AAA2BF00DFAA00 /* Earth.obj */ = {isa = PBXFileReference; fileEncoding = 4; lastKnownFileType = text; path = Earth.obj; sourceTree = "<group>"; };
		A6C56D3B18AAA2BF00DFAA00 /* Earth_Clouds_D.png */ = {isa = PBXFileReference; lastKnownFileType = image.png; path = Earth_Clouds_D.png; sourceTree = "<group>"; };
		A6C56D3C18AAA2BF00DFAA00 /* Earth_Clouds_D.tga */ = {isa = PBXFileReference; lastKnownFileType = file; path = Earth_Clouds_D.tga; sourceTree = "<group>"; };
		A6C56D3D18AAA2BF00DFAA00 /* Earth_D.png */ = {isa = PBXFileReference; lastKnownFileType = image.png; path = Earth_D.png; sourceTree = "<group>"; };
		A6C56D3E18AAA2BF00DFAA00 /* Earth_D.tga */ = {isa = PBXFileReference; lastKnownFileType = file; path = Earth_D.tga; sourceTree = "<group>"; };
		A6C56D3F18AAA2BF00DFAA00 /* Earth_N.png */ = {isa = PBXFileReference; lastKnownFileType = image.png; path = Earth_N.png; sourceTree = "<group>"; };
		A6C56D4018AAA2BF00DFAA00 /* Earth_N.tga */ = {isa = PBXFileReference; lastKnownFileType = file; path = Earth_N.tga; sourceTree = "<group>"; };
		A6C56D4118AAA2BF00DFAA00 /* Earth_S.png */ = {isa = PBXFileReference; lastKnownFileType = image.png; path = Earth_S.png; sourceTree = "<group>"; };
		A6C56D4218AAA2BF00DFAA00 /* Earth_S.tga */ = {isa = PBXFileReference; lastKnownFileType = file; path = Earth_S.tga; sourceTree = "<group>"; };
		A6C56D4418AAA2BF00DFAA00 /* Alfa_Romeo.3ds */ = {isa = PBXFileReference; lastKnownFileType = file; path = Alfa_Romeo.3ds; sourceTree = "<group>"; };
		A6C56D4518AAA2BF00DFAA00 /* Alfa_Romeo.max */ = {isa = PBXFileReference; lastKnownFileType = file; path = Alfa_Romeo.max; sourceTree = "<group>"; };
		A6C56D4618AAA2BF00DFAA00 /* Alfa_Romeo.mtl */ = {isa = PBXFileReference; fileEncoding = 4; lastKnownFileType = text; path = Alfa_Romeo.mtl; sourceTree = "<group>"; };
		A6C56D4718AAA2BF00DFAA00 /* Alfa_Romeo.obj */ = {isa = PBXFileReference; fileEncoding = 4; lastKnownFileType = text; path = Alfa_Romeo.obj; sourceTree = "<group>"; };
		A6C56D4818AAA2BF00DFAA00 /* backl01.jpg */ = {isa = PBXFileReference; lastKnownFileType = image.jpeg; path = backl01.jpg; sourceTree = "<group>"; };
		A6C56D4918AAA2BF00DFAA00 /* backl01.png */ = {isa = PBXFileReference; lastKnownFileType = image.png; path = backl01.png; sourceTree = "<group>"; };
		A6C56D4A18AAA2BF00DFAA00 /* grille a.png */ = {isa = PBXFileReference; lastKnownFileType = image.png; path = "grille a.png"; sourceTree = "<group>"; };
		A6C56D4B18AAA2BF00DFAA00 /* GRILLE alpha.bmp */ = {isa = PBXFileReference; lastKnownFileType = image.bmp; path = "GRILLE alpha.bmp"; sourceTree = "<group>"; };
		A6C56D4C18AAA2BF00DFAA00 /* grille alpha.png */ = {isa = PBXFileReference; lastKnownFileType = image.png; path = "grille alpha.png"; sourceTree = "<group>"; };
		A6C56D4D18AAA2BF00DFAA00 /* GRILLE.bmp */ = {isa = PBXFileReference; lastKnownFileType = image.bmp; path = GRILLE.bmp; sourceTree = "<group>"; };
		A6C56D4E18AAA2BF00DFAA00 /* grille.png */ = {isa = PBXFileReference; lastKnownFileType = image.png; path = grille.png; sourceTree = "<group>"; };
		A6C56D4F18AAA2BF00DFAA00 /* LICENSE.png */ = {isa = PBXFileReference; lastKnownFileType = image.png; path = LICENSE.png; sourceTree = "<group>"; };
		A6C56D5018AAA2BF00DFAA00 /* LICENSE.tga */ = {isa = PBXFileReference; lastKnownFileType = file; path = LICENSE.tga; sourceTree = "<group>"; };
		A6C56D5118AAA2BF00DFAA00 /* LOGO.jpg */ = {isa = PBXFileReference; lastKnownFileType = image.jpeg; path = LOGO.jpg; sourceTree = "<group>"; };
		A6C56D5218AAA2BF00DFAA00 /* logo.png */ = {isa = PBXFileReference; lastKnownFileType = image.png; path = logo.png; sourceTree = "<group>"; };
		A6C56D5318AAA2BF00DFAA00 /* readme.txt */ = {isa = PBXFileReference; fileEncoding = 4; lastKnownFileType = text; path = readme.txt; sourceTree = "<group>"; };
		A6C56D5418AAA2BF00DFAA00 /* rs4-tire.jpg */ = {isa = PBXFileReference; lastKnownFileType = image.jpeg; path = "rs4-tire.jpg"; sourceTree = "<group>"; };
		A6C56D5518AAA2BF00DFAA00 /* rs4-tire.png */ = {isa = PBXFileReference; lastKnownFileType = image.png; path = "rs4-tire.png"; sourceTree = "<group>"; };
		A6C56D5618AAA2BF00DFAA00 /* sidelg.jpg */ = {isa = PBXFileReference; lastKnownFileType = image.jpeg; path = sidelg.jpg; sourceTree = "<group>"; };
		A6C56D5718AAA2BF00DFAA00 /* sidelg.png */ = {isa = PBXFileReference; lastKnownFileType = image.png; path = sidelg.png; sourceTree = "<group>"; };
		CC65799418A6456E0035EB43 /* Camera.h */ = {isa = PBXFileReference; lastKnownFileType = sourcecode.c.h; path = Camera.h; sourceTree = "<group>"; };
/* End PBXFileReference section */

/* Begin PBXFrameworksBuildPhase section */
		A6C56A0E189FC8DF00DFAA00 /* Frameworks */ = {
			isa = PBXFrameworksBuildPhase;
			buildActionMask = 2147483647;
			files = (
				A6C56C6018A2ABB400DFAA00 /* libz.dylib in Frameworks */,
				A6C56A4E189FD07C00DFAA00 /* CoreVideo.framework in Frameworks */,
				A6C56A4C189FCACC00DFAA00 /* OpenGL.framework in Frameworks */,
				A6C56A15189FC8DF00DFAA00 /* Cocoa.framework in Frameworks */,
			);
			runOnlyForDeploymentPostprocessing = 0;
		};
		A6C56A2F189FC8DF00DFAA00 /* Frameworks */ = {
			isa = PBXFrameworksBuildPhase;
			buildActionMask = 2147483647;
			files = (
				A6C56A35189FC8DF00DFAA00 /* Cocoa.framework in Frameworks */,
				A6C56A34189FC8DF00DFAA00 /* XCTest.framework in Frameworks */,
			);
			runOnlyForDeploymentPostprocessing = 0;
		};
/* End PBXFrameworksBuildPhase section */

/* Begin PBXGroup section */
		A6C56A08189FC8DF00DFAA00 = {
			isa = PBXGroup;
			children = (
				A6403D9418ACB9FA009116CF /* Light.h */,
				A6C56CA718A8E9FC00DFAA00 /* Collada.h */,
				A6C56C7118A63E3F00DFAA00 /* models */,
				A6C56C6118A58C4D00DFAA00 /* tinyXML */,
				A6C56C3518A2AA5000DFAA00 /* libPNG */,
				A6C56C1318A139EB00DFAA00 /* Math */,
				A6C56C3418A2A88900DFAA00 /* Textures.h */,
				A6C56C3018A1480200DFAA00 /* Model.h */,
				A6C56AA518A1092A00DFAA00 /* Tools.h */,
				A6C56A5118A102DD00DFAA00 /* Quantize.h */,
				CC65799418A6456E0035EB43 /* Camera.h */,
				A6C56C3318A287E300DFAA00 /* Parser.h */,
				A6C56A5018A102DD00DFAA00 /* Quantize.cpp */,
				A6C56A48189FC9E300DFAA00 /* GLView.h */,
				A6C56A49189FCA0E00DFAA00 /* GLView.mm */,
				A6C56A9F18A106F000DFAA00 /* shaders */,
				A6C56A1A189FC8DF00DFAA00 /* Quantize */,
				A6C56A13189FC8DF00DFAA00 /* Frameworks */,
				A6C56A12189FC8DF00DFAA00 /* Products */,
			);
			sourceTree = "<group>";
		};
		A6C56A12189FC8DF00DFAA00 /* Products */ = {
			isa = PBXGroup;
			children = (
				A6C56A11189FC8DF00DFAA00 /* Quantize.app */,
				A6C56A32189FC8DF00DFAA00 /* QuantizeTests.xctest */,
			);
			name = Products;
			sourceTree = "<group>";
		};
		A6C56A13189FC8DF00DFAA00 /* Frameworks */ = {
			isa = PBXGroup;
			children = (
				A6C56C5F18A2ABB400DFAA00 /* libz.dylib */,
				A6C56A4D189FD07C00DFAA00 /* CoreVideo.framework */,
				A6C56A4B189FCACC00DFAA00 /* OpenGL.framework */,
				A6C56A14189FC8DF00DFAA00 /* Cocoa.framework */,
				A6C56A33189FC8DF00DFAA00 /* XCTest.framework */,
				A6C56A16189FC8DF00DFAA00 /* Other Frameworks */,
			);
			name = Frameworks;
			sourceTree = "<group>";
		};
		A6C56A16189FC8DF00DFAA00 /* Other Frameworks */ = {
			isa = PBXGroup;
			children = (
				A6C56A17189FC8DF00DFAA00 /* AppKit.framework */,
				A6C56A18189FC8DF00DFAA00 /* CoreData.framework */,
				A6C56A19189FC8DF00DFAA00 /* Foundation.framework */,
			);
			name = "Other Frameworks";
			sourceTree = "<group>";
		};
		A6C56A1A189FC8DF00DFAA00 /* Quantize */ = {
			isa = PBXGroup;
			children = (
				A6C56A26189FC8DF00DFAA00 /* AppDelegate.h */,
				A6C56A27189FC8DF00DFAA00 /* AppDelegate.mm */,
				A6C56A29189FC8DF00DFAA00 /* MainMenu.xib */,
				A6C56A2C189FC8DF00DFAA00 /* Images.xcassets */,
				A6C56A1B189FC8DF00DFAA00 /* Supporting Files */,
				A6C56A4F18A1029900DFAA00 /* Apple */,
			);
			path = Quantize;
			sourceTree = "<group>";
		};
		A6C56A1B189FC8DF00DFAA00 /* Supporting Files */ = {
			isa = PBXGroup;
			children = (
				A6C56A1C189FC8DF00DFAA00 /* Quantize-Info.plist */,
				A6C56A1D189FC8DF00DFAA00 /* InfoPlist.strings */,
				A6C56A20189FC8DF00DFAA00 /* main.m */,
				A6C56A22189FC8DF00DFAA00 /* Quantize-Prefix.pch */,
				A6C56A23189FC8DF00DFAA00 /* Credits.rtf */,
			);
			name = "Supporting Files";
			sourceTree = "<group>";
		};
		A6C56A4F18A1029900DFAA00 /* Apple */ = {
			isa = PBXGroup;
			children = (
			);
			name = Apple;
			sourceTree = "<group>";
		};
		A6C56A9F18A106F000DFAA00 /* shaders */ = {
			isa = PBXGroup;
			children = (
				A6C56C6D18A5924E00DFAA00 /* postp.vsh */,
				A6C56C6E18A5924E00DFAA00 /* postp.fsh */,
				A6C56AA018A106F000DFAA00 /* basic.fsh */,
				A6C56AA118A106F000DFAA00 /* basic.vsh */,
			);
			path = shaders;
			sourceTree = "<group>";
		};
		A6C56C1318A139EB00DFAA00 /* Math */ = {
			isa = PBXGroup;
			children = (
				A6C56C1418A139EB00DFAA00 /* Frmath.cpp */,
				A6C56C1518A139EB00DFAA00 /* Frmath.h */,
				A6C56C1618A139EB00DFAA00 /* Intersections.cpp */,
				A6C56C1718A139EB00DFAA00 /* Intersections.h */,
				A6C56C1818A139EB00DFAA00 /* Matrix33.cpp */,
				A6C56C1918A139EB00DFAA00 /* Matrix33.h */,
				A6C56C1A18A139EB00DFAA00 /* Matrix44.cpp */,
				A6C56C1B18A139EB00DFAA00 /* Matrix44.h */,
				A6C56C2118A139EB00DFAA00 /* Vector2.cpp */,
				A6C56C2218A139EB00DFAA00 /* Vector2.h */,
				A6C56C2318A139EB00DFAA00 /* Vector3.cpp */,
				A6C56C2418A139EB00DFAA00 /* Vector3.h */,
				A6C56C2518A139EB00DFAA00 /* Vector4.cpp */,
				A6C56C2618A139EB00DFAA00 /* Vector4.h */,
			);
			path = Math;
			sourceTree = "<group>";
		};
		A6C56C3518A2AA5000DFAA00 /* libPNG */ = {
			isa = PBXGroup;
			children = (
				A6C56C3618A2AA5000DFAA00 /* png.c */,
				A6C56C3718A2AA5000DFAA00 /* png.h */,
				A6C56C3818A2AA5000DFAA00 /* pngconf.h */,
				A6C56C3918A2AA5000DFAA00 /* pngdebug.h */,
				A6C56C3A18A2AA5000DFAA00 /* pngerror.c */,
				A6C56C3B18A2AA5000DFAA00 /* pngget.c */,
				A6C56C3C18A2AA5000DFAA00 /* pnginfo.h */,
				A6C56C3D18A2AA5000DFAA00 /* pnglibconf.h */,
				A6C56C3E18A2AA5000DFAA00 /* pngmem.c */,
				A6C56C3F18A2AA5000DFAA00 /* pngpread.c */,
				A6C56C4018A2AA5000DFAA00 /* pngpriv.h */,
				A6C56C4118A2AA5000DFAA00 /* pngread.c */,
				A6C56C4218A2AA5000DFAA00 /* pngrio.c */,
				A6C56C4318A2AA5000DFAA00 /* pngrtran.c */,
				A6C56C4418A2AA5000DFAA00 /* pngrutil.c */,
				A6C56C4518A2AA5000DFAA00 /* pngset.c */,
				A6C56C4618A2AA5000DFAA00 /* pngstruct.h */,
				A6C56C4718A2AA5000DFAA00 /* pngtrans.c */,
				A6C56C4818A2AA5000DFAA00 /* pngvalid.c */,
				A6C56C4918A2AA5000DFAA00 /* pngwio.c */,
				A6C56C4A18A2AA5000DFAA00 /* pngwrite.c */,
				A6C56C4B18A2AA5000DFAA00 /* pngwtran.c */,
				A6C56C4C18A2AA5000DFAA00 /* pngwutil.c */,
				A6C56C4D18A2AA5000DFAA00 /* visupng */,
			);
			path = libPNG;
			sourceTree = "<group>";
		};
		A6C56C4D18A2AA5000DFAA00 /* visupng */ = {
			isa = PBXGroup;
			children = (
				A6C56C4E18A2AA5000DFAA00 /* cexcept.h */,
			);
			path = visupng;
			sourceTree = "<group>";
		};
		A6C56C6118A58C4D00DFAA00 /* tinyXML */ = {
			isa = PBXGroup;
			children = (
				A6C56C6218A58C4D00DFAA00 /* tinyxml2.cpp */,
				A6C56C6318A58C4D00DFAA00 /* tinyxml2.h */,
				A6C56C6418A58C4D00DFAA00 /* Xml.h */,
			);
			path = tinyXML;
			sourceTree = "<group>";
		};
		A6C56C7118A63E3F00DFAA00 /* models */ = {
			isa = PBXGroup;
			children = (
				A6C56D2B18AAA2BF00DFAA00 /* T-90 */,
				A6C56D3718AAA2BF00DFAA00 /* Earth */,
				A6C56D4318AAA2BF00DFAA00 /* alfa-romeo */,
				A6C56CA818AA926A00DFAA00 /* P39 AIRACOBRA */,
				A6C56CB818AA926A00DFAA00 /* Heinkel */,
				A6C56CD918AA926A00DFAA00 /* AUSFB */,
			);
			path = models;
			sourceTree = "<group>";
		};
		A6C56CA818AA926A00DFAA00 /* P39 AIRACOBRA */ = {
			isa = PBXGroup;
			children = (
				A6C56CA918AA926A00DFAA00 /* Cockpit.png */,
				A6C56CAA18AA926A00DFAA00 /* Cockpit.tga */,
				A6C56CAB18AA926A00DFAA00 /* Glass.png */,
				A6C56CAC18AA926A00DFAA00 /* Glass.tga */,
				A6C56CAD18AA926A00DFAA00 /* Main Body 2.png */,
				A6C56CAE18AA926A00DFAA00 /* Main Body 2.tga */,
				A6C56CAF18AA926A00DFAA00 /* Main Body.png */,
				A6C56CB018AA926A00DFAA00 /* Main Body.tga */,
				A6C56CB118AA926A00DFAA00 /* p39.3DS */,
				A6C56CB218AA926A00DFAA00 /* p39.c4d */,
				A6C56CB318AA926A00DFAA00 /* p39.dae */,
				A6C56CB418AA926A00DFAA00 /* P39.max */,
				A6C56CB518AA926A00DFAA00 /* p39.obj */,
				A6C56CB618AA926A00DFAA00 /* P39.png */,
				A6C56CB718AA926A00DFAA00 /* P39.pz3 */,
			);
			path = "P39 AIRACOBRA";
			sourceTree = "<group>";
		};
		A6C56CB818AA926A00DFAA00 /* Heinkel */ = {
			isa = PBXGroup;
			children = (
				A6C56CB918AA926A00DFAA00 /* Body Front.png */,
				A6C56CBA18AA926A00DFAA00 /* Body Front.tga */,
				A6C56CBB18AA926A00DFAA00 /* Body Rear.png */,
				A6C56CBC18AA926A00DFAA00 /* Body Rear.tga */,
				A6C56CBD18AA926A00DFAA00 /* Dials.png */,
				A6C56CBE18AA926A00DFAA00 /* Dials.tga */,
				A6C56CBF18AA926A00DFAA00 /* glass 1.png */,
				A6C56CC018AA926A00DFAA00 /* glass 1.tga */,
				A6C56CC118AA926A00DFAA00 /* HEINKEL.3DS */,
				A6C56CC218AA926A00DFAA00 /* HEINKEL.c4d */,
				A6C56CC318AA926A00DFAA00 /* HEINKEL.dae */,
				A6C56CC418AA926A00DFAA00 /* HEINKEL.obj */,
				A6C56CC518AA926A00DFAA00 /* Heinkel.png */,
				A6C56CC618AA926A00DFAA00 /* Heinkel.pz3 */,
				A6C56CC718AA926A00DFAA00 /* Parts 1.png */,
				A6C56CC818AA926A00DFAA00 /* Parts 1.tga */,
				A6C56CC918AA926A00DFAA00 /* parts 2.png */,
				A6C56CCA18AA926A00DFAA00 /* parts 2.tga */,
				A6C56CCB18AA926A00DFAA00 /* parts 3.png */,
				A6C56CCC18AA926A00DFAA00 /* parts 3.tga */,
				A6C56CCD18AA926A00DFAA00 /* parts 4.png */,
				A6C56CCE18AA926A00DFAA00 /* parts 4.tga */,
				A6C56CCF18AA926A00DFAA00 /* pilot 2.png */,
				A6C56CD018AA926A00DFAA00 /* pilot 2.tga */,
				A6C56CD118AA926A00DFAA00 /* pilot.png */,
				A6C56CD218AA926A00DFAA00 /* pilot.tga */,
				A6C56CD318AA926A00DFAA00 /* under.png */,
				A6C56CD418AA926A00DFAA00 /* under.tga */,
				A6C56CD518AA926A00DFAA00 /* Wing Left.png */,
				A6C56CD618AA926A00DFAA00 /* Wing Left.tga */,
				A6C56CD718AA926A00DFAA00 /* Wing Right.png */,
				A6C56CD818AA926A00DFAA00 /* Wing Right.tga */,
			);
			path = Heinkel;
			sourceTree = "<group>";
		};
		A6C56CD918AA926A00DFAA00 /* AUSFB */ = {
			isa = PBXGroup;
			children = (
				A6C56CDA18AA926A00DFAA00 /* ausfb.3DS */,
				A6C56CDB18AA926A00DFAA00 /* ausfb.c4d */,
				A6C56CDC18AA926A00DFAA00 /* ausfb.dae */,
				A6C56CDD18AA926A00DFAA00 /* ausfb.max */,
				A6C56CDE18AA926A00DFAA00 /* ausfb.obj */,
				A6C56CDF18AA926A00DFAA00 /* AUSFB.png */,
				A6C56CE018AA926A00DFAA00 /* AUSFB.pz3 */,
				A6C56CE118AA926A00DFAA00 /* Body 1.png */,
				A6C56CE218AA926A00DFAA00 /* Body 1.tga */,
				A6C56CE318AA926A00DFAA00 /* Body 2.png */,
				A6C56CE418AA926A00DFAA00 /* Body 2.tga */,
				A6C56CE518AA926A00DFAA00 /* Track.png */,
				A6C56CE618AA926A00DFAA00 /* Track.tga */,
				A6C56CE718AA926A00DFAA00 /* Turret 2.png */,
				A6C56CE818AA926A00DFAA00 /* Turret 2.tga */,
				A6C56CE918AA926A00DFAA00 /* Turret.png */,
				A6C56CEA18AA926A00DFAA00 /* Turret.tga */,
			);
			path = AUSFB;
			sourceTree = "<group>";
		};
		A6C56D2B18AAA2BF00DFAA00 /* T-90 */ = {
			isa = PBXGroup;
			children = (
				A6C56D2C18AAA2BF00DFAA00 /* Gun.png */,
				A6C56D2D18AAA2BF00DFAA00 /* Main Body 2.png */,
				A6C56D2E18AAA2BF00DFAA00 /* Main Body.png */,
				A6C56D2F18AAA2BF00DFAA00 /* T-90.3DS */,
				A6C56D3018AAA2BF00DFAA00 /* T-90.c4d */,
				A6C56D3118AAA2BF00DFAA00 /* T-90.dae */,
				A6C56D3218AAA2BF00DFAA00 /* T-90.jpg */,
				A6C56D3318AAA2BF00DFAA00 /* T-90.max */,
				A6C56D3418AAA2BF00DFAA00 /* T-90.obj */,
				A6C56D3518AAA2BF00DFAA00 /* T-90.pz3 */,
				A6C56D3618AAA2BF00DFAA00 /* Turret.png */,
			);
			path = "T-90";
			sourceTree = "<group>";
		};
		A6C56D3718AAA2BF00DFAA00 /* Earth */ = {
			isa = PBXGroup;
			children = (
				A6C56D3818AAA2BF00DFAA00 /* Earth.dae */,
				A6C56D3918AAA2BF00DFAA00 /* Earth.mtl */,
				A6C56D3A18AAA2BF00DFAA00 /* Earth.obj */,
				A6C56D3B18AAA2BF00DFAA00 /* Earth_Clouds_D.png */,
				A6C56D3C18AAA2BF00DFAA00 /* Earth_Clouds_D.tga */,
				A6C56D3D18AAA2BF00DFAA00 /* Earth_D.png */,
				A6C56D3E18AAA2BF00DFAA00 /* Earth_D.tga */,
				A6C56D3F18AAA2BF00DFAA00 /* Earth_N.png */,
				A6C56D4018AAA2BF00DFAA00 /* Earth_N.tga */,
				A6C56D4118AAA2BF00DFAA00 /* Earth_S.png */,
				A6C56D4218AAA2BF00DFAA00 /* Earth_S.tga */,
			);
			path = Earth;
			sourceTree = "<group>";
		};
		A6C56D4318AAA2BF00DFAA00 /* alfa-romeo */ = {
			isa = PBXGroup;
			children = (
				A6C56D4418AAA2BF00DFAA00 /* Alfa_Romeo.3ds */,
				A6C56D4518AAA2BF00DFAA00 /* Alfa_Romeo.max */,
				A6C56D4618AAA2BF00DFAA00 /* Alfa_Romeo.mtl */,
				A6C56D4718AAA2BF00DFAA00 /* Alfa_Romeo.obj */,
				A6C56D4818AAA2BF00DFAA00 /* backl01.jpg */,
				A6C56D4918AAA2BF00DFAA00 /* backl01.png */,
				A6C56D4A18AAA2BF00DFAA00 /* grille a.png */,
				A6C56D4B18AAA2BF00DFAA00 /* GRILLE alpha.bmp */,
				A6C56D4C18AAA2BF00DFAA00 /* grille alpha.png */,
				A6C56D4D18AAA2BF00DFAA00 /* GRILLE.bmp */,
				A6C56D4E18AAA2BF00DFAA00 /* grille.png */,
				A6C56D4F18AAA2BF00DFAA00 /* LICENSE.png */,
				A6C56D5018AAA2BF00DFAA00 /* LICENSE.tga */,
				A6C56D5118AAA2BF00DFAA00 /* LOGO.jpg */,
				A6C56D5218AAA2BF00DFAA00 /* logo.png */,
				A6C56D5318AAA2BF00DFAA00 /* readme.txt */,
				A6C56D5418AAA2BF00DFAA00 /* rs4-tire.jpg */,
				A6C56D5518AAA2BF00DFAA00 /* rs4-tire.png */,
				A6C56D5618AAA2BF00DFAA00 /* sidelg.jpg */,
				A6C56D5718AAA2BF00DFAA00 /* sidelg.png */,
			);
			path = "alfa-romeo";
			sourceTree = "<group>";
		};
/* End PBXGroup section */

/* Begin PBXNativeTarget section */
		A6C56A10189FC8DF00DFAA00 /* Quantize */ = {
			isa = PBXNativeTarget;
			buildConfigurationList = A6C56A42189FC8DF00DFAA00 /* Build configuration list for PBXNativeTarget "Quantize" */;
			buildPhases = (
				A6C56A0D189FC8DF00DFAA00 /* Sources */,
				A6C56A0E189FC8DF00DFAA00 /* Frameworks */,
				A6C56A0F189FC8DF00DFAA00 /* Resources */,
			);
			buildRules = (
			);
			dependencies = (
			);
			name = Quantize;
			productName = Quantize;
			productReference = A6C56A11189FC8DF00DFAA00 /* Quantize.app */;
			productType = "com.apple.product-type.application";
		};
		A6C56A31189FC8DF00DFAA00 /* QuantizeTests */ = {
			isa = PBXNativeTarget;
			buildConfigurationList = A6C56A45189FC8DF00DFAA00 /* Build configuration list for PBXNativeTarget "QuantizeTests" */;
			buildPhases = (
				A6C56A2E189FC8DF00DFAA00 /* Sources */,
				A6C56A2F189FC8DF00DFAA00 /* Frameworks */,
				A6C56A30189FC8DF00DFAA00 /* Resources */,
			);
			buildRules = (
			);
			dependencies = (
				A6C56A37189FC8DF00DFAA00 /* PBXTargetDependency */,
			);
			name = QuantizeTests;
			productName = QuantizeTests;
			productReference = A6C56A32189FC8DF00DFAA00 /* QuantizeTests.xctest */;
			productType = "com.apple.product-type.bundle.unit-test";
		};
/* End PBXNativeTarget section */

/* Begin PBXProject section */
		A6C56A09189FC8DF00DFAA00 /* Project object */ = {
			isa = PBXProject;
			attributes = {
				LastUpgradeCheck = 0500;
				ORGANIZATIONNAME = Quantize;
				TargetAttributes = {
					A6C56A31189FC8DF00DFAA00 = {
						TestTargetID = A6C56A10189FC8DF00DFAA00;
					};
				};
			};
			buildConfigurationList = A6C56A0C189FC8DF00DFAA00 /* Build configuration list for PBXProject "Quantize" */;
			compatibilityVersion = "Xcode 3.2";
			developmentRegion = English;
			hasScannedForEncodings = 0;
			knownRegions = (
				en,
				Base,
			);
			mainGroup = A6C56A08189FC8DF00DFAA00;
			productRefGroup = A6C56A12189FC8DF00DFAA00 /* Products */;
			projectDirPath = "";
			projectRoot = "";
			targets = (
				A6C56A10189FC8DF00DFAA00 /* Quantize */,
				A6C56A31189FC8DF00DFAA00 /* QuantizeTests */,
			);
		};
/* End PBXProject section */

/* Begin PBXResourcesBuildPhase section */
		A6C56A0F189FC8DF00DFAA00 /* Resources */ = {
			isa = PBXResourcesBuildPhase;
			buildActionMask = 2147483647;
			files = (
				A6C56D7618AAA2BF00DFAA00 /* grille alpha.png in Resources */,
				A6C56D2118AA926A00DFAA00 /* Body 1.png in Resources */,
				A6C56D8018AAA2BF00DFAA00 /* sidelg.jpg in Resources */,
				A6C56D1218AA926A00DFAA00 /* pilot.png in Resources */,
				A6C56CFA18AA926A00DFAA00 /* Body Front.png in Resources */,
				A6C56D5A18AAA2BF00DFAA00 /* Main Body.png in Resources */,
				A6C56D6718AAA2BF00DFAA00 /* Earth_Clouds_D.tga in Resources */,
				A6C56D1818AA926A00DFAA00 /* Wing Right.png in Resources */,
				A6C56D6318AAA2BF00DFAA00 /* Earth.dae in Resources */,
				A6C56D1F18AA926A00DFAA00 /* AUSFB.png in Resources */,
				A6C56D1E18AA926A00DFAA00 /* ausfb.obj in Resources */,
				A6C56D1918AA926A00DFAA00 /* Wing Right.tga in Resources */,
				A6C56D7C18AAA2BF00DFAA00 /* logo.png in Resources */,
				A6C56D1B18AA926A00DFAA00 /* ausfb.c4d in Resources */,
				A6C56D0C18AA926A00DFAA00 /* parts 3.png in Resources */,
				A6C56D0518AA926A00DFAA00 /* HEINKEL.obj in Resources */,
				A6C56D1A18AA926A00DFAA00 /* ausfb.3DS in Resources */,
				A6C56CF518AA926A00DFAA00 /* p39.dae in Resources */,
				A6C56D7B18AAA2BF00DFAA00 /* LOGO.jpg in Resources */,
				A6C56D7818AAA2BF00DFAA00 /* grille.png in Resources */,
				A6C56D1318AA926A00DFAA00 /* pilot.tga in Resources */,
				A6C56D7A18AAA2BF00DFAA00 /* LICENSE.tga in Resources */,
				A6C56D6218AAA2BF00DFAA00 /* Turret.png in Resources */,
				A6C56D0818AA926A00DFAA00 /* Parts 1.png in Resources */,
				A6C56D6E18AAA2BF00DFAA00 /* Alfa_Romeo.3ds in Resources */,
				A6C56D0718AA926A00DFAA00 /* Heinkel.pz3 in Resources */,
				A6C56D6C18AAA2BF00DFAA00 /* Earth_S.png in Resources */,
				A6C56CF018AA926A00DFAA00 /* Main Body 2.tga in Resources */,
				A6C56D7518AAA2BF00DFAA00 /* GRILLE alpha.bmp in Resources */,
				A6C56D2018AA926A00DFAA00 /* AUSFB.pz3 in Resources */,
				A6C56D5B18AAA2BF00DFAA00 /* T-90.3DS in Resources */,
				A6C56D6418AAA2BF00DFAA00 /* Earth.mtl in Resources */,
				A6C56D2318AA926A00DFAA00 /* Body 2.png in Resources */,
				A6C56CEF18AA926A00DFAA00 /* Main Body 2.png in Resources */,
				A6C56CF218AA926A00DFAA00 /* Main Body.tga in Resources */,
				A6C56D5F18AAA2BF00DFAA00 /* T-90.max in Resources */,
				A6C56CED18AA926A00DFAA00 /* Glass.png in Resources */,
				A6C56CEC18AA926A00DFAA00 /* Cockpit.tga in Resources */,
				A6C56D1518AA926A00DFAA00 /* under.tga in Resources */,
				A6C56D7718AAA2BF00DFAA00 /* GRILLE.bmp in Resources */,
				A6C56D0018AA926A00DFAA00 /* glass 1.png in Resources */,
				A6C56D2518AA926A00DFAA00 /* Track.png in Resources */,
				A6C56CFB18AA926A00DFAA00 /* Body Front.tga in Resources */,
				A6C56D0418AA926A00DFAA00 /* HEINKEL.dae in Resources */,
				A6C56D6818AAA2BF00DFAA00 /* Earth_D.png in Resources */,
				A6C56D6A18AAA2BF00DFAA00 /* Earth_N.png in Resources */,
				A6C56D0B18AA926A00DFAA00 /* parts 2.tga in Resources */,
				A6C56D1C18AA926A00DFAA00 /* ausfb.dae in Resources */,
				A6C56D2718AA926A00DFAA00 /* Turret 2.png in Resources */,
				A6C56D8118AAA2BF00DFAA00 /* sidelg.png in Resources */,
				A6C56D6618AAA2BF00DFAA00 /* Earth_Clouds_D.png in Resources */,
				A6C56CF718AA926A00DFAA00 /* p39.obj in Resources */,
				A6C56D6F18AAA2BF00DFAA00 /* Alfa_Romeo.max in Resources */,
				A6C56CEB18AA926A00DFAA00 /* Cockpit.png in Resources */,
				A6C56CF618AA926A00DFAA00 /* P39.max in Resources */,
				A6C56D7118AAA2BF00DFAA00 /* Alfa_Romeo.obj in Resources */,
				A6C56A1F189FC8DF00DFAA00 /* InfoPlist.strings in Resources */,
				A6C56A2D189FC8DF00DFAA00 /* Images.xcassets in Resources */,
				A6C56D7218AAA2BF00DFAA00 /* backl01.jpg in Resources */,
				A6C56D1418AA926A00DFAA00 /* under.png in Resources */,
				A6C56D6B18AAA2BF00DFAA00 /* Earth_N.tga in Resources */,
				A6C56CEE18AA926A00DFAA00 /* Glass.tga in Resources */,
				A6C56CF818AA926A00DFAA00 /* P39.png in Resources */,
				A6C56A25189FC8DF00DFAA00 /* Credits.rtf in Resources */,
				A6C56A2B189FC8DF00DFAA00 /* MainMenu.xib in Resources */,
				A6C56D0A18AA926A00DFAA00 /* parts 2.png in Resources */,
				A6C56D2618AA926A00DFAA00 /* Track.tga in Resources */,
				A6C56CFF18AA926A00DFAA00 /* Dials.tga in Resources */,
				A6C56D2218AA926A00DFAA00 /* Body 1.tga in Resources */,
				A6C56D7318AAA2BF00DFAA00 /* backl01.png in Resources */,
				A6C56D1118AA926A00DFAA00 /* pilot 2.tga in Resources */,
				A6C56D5818AAA2BF00DFAA00 /* Gun.png in Resources */,
				A6C56D0218AA926A00DFAA00 /* HEINKEL.3DS in Resources */,
				A6C56D1618AA926A00DFAA00 /* Wing Left.png in Resources */,
				A6C56D7918AAA2BF00DFAA00 /* LICENSE.png in Resources */,
				A6C56D1718AA926A00DFAA00 /* Wing Left.tga in Resources */,
				A6C56D7418AAA2BF00DFAA00 /* grille a.png in Resources */,
				A6C56CFE18AA926A00DFAA00 /* Dials.png in Resources */,
				A6C56D5D18AAA2BF00DFAA00 /* T-90.dae in Resources */,
				A6C56D0E18AA926A00DFAA00 /* parts 4.png in Resources */,
				A6C56D0F18AA926A00DFAA00 /* parts 4.tga in Resources */,
				A6C56D7E18AAA2BF00DFAA00 /* rs4-tire.jpg in Resources */,
				A6C56D1D18AA926A00DFAA00 /* ausfb.max in Resources */,
				A6C56D1018AA926A00DFAA00 /* pilot 2.png in Resources */,
				A6C56CF318AA926A00DFAA00 /* p39.3DS in Resources */,
				A6C56D2A18AA926A00DFAA00 /* Turret.tga in Resources */,
				A6C56D0318AA926A00DFAA00 /* HEINKEL.c4d in Resources */,
				A6C56D7F18AAA2BF00DFAA00 /* rs4-tire.png in Resources */,
				A6C56CFC18AA926A00DFAA00 /* Body Rear.png in Resources */,
				A6C56D2818AA926A00DFAA00 /* Turret 2.tga in Resources */,
				A6C56D5E18AAA2BF00DFAA00 /* T-90.jpg in Resources */,
				A6C56D2918AA926A00DFAA00 /* Turret.png in Resources */,
				A6C56CFD18AA926A00DFAA00 /* Body Rear.tga in Resources */,
				A6C56D5918AAA2BF00DFAA00 /* Main Body 2.png in Resources */,
				A6C56D7D18AAA2BF00DFAA00 /* readme.txt in Resources */,
				A6C56D7018AAA2BF00DFAA00 /* Alfa_Romeo.mtl in Resources */,
				A6C56D6518AAA2BF00DFAA00 /* Earth.obj in Resources */,
				A6C56D6918AAA2BF00DFAA00 /* Earth_D.tga in Resources */,
				A6C56D6118AAA2BF00DFAA00 /* T-90.pz3 in Resources */,
				A6C56D5C18AAA2BF00DFAA00 /* T-90.c4d in Resources */,
				A6C56D0118AA926A00DFAA00 /* glass 1.tga in Resources */,
				A6C56CF918AA926A00DFAA00 /* P39.pz3 in Resources */,
				A6C56D2418AA926A00DFAA00 /* Body 2.tga in Resources */,
				A6C56D6D18AAA2BF00DFAA00 /* Earth_S.tga in Resources */,
				A6C56D0D18AA926A00DFAA00 /* parts 3.tga in Resources */,
				A6C56D0918AA926A00DFAA00 /* Parts 1.tga in Resources */,
				A6C56CF418AA926A00DFAA00 /* p39.c4d in Resources */,
				A6C56D0618AA926A00DFAA00 /* Heinkel.png in Resources */,
				A6C56D6018AAA2BF00DFAA00 /* T-90.obj in Resources */,
				A6C56CF118AA926A00DFAA00 /* Main Body.png in Resources */,
			);
			runOnlyForDeploymentPostprocessing = 0;
		};
		A6C56A30189FC8DF00DFAA00 /* Resources */ = {
			isa = PBXResourcesBuildPhase;
			buildActionMask = 2147483647;
			files = (
			);
			runOnlyForDeploymentPostprocessing = 0;
		};
/* End PBXResourcesBuildPhase section */

/* Begin PBXSourcesBuildPhase section */
		A6C56A0D189FC8DF00DFAA00 /* Sources */ = {
			isa = PBXSourcesBuildPhase;
			buildActionMask = 2147483647;
			files = (
				A6C56C5918A2AA5000DFAA00 /* pngtrans.c in Sources */,
				A6C56C5218A2AA5000DFAA00 /* pngmem.c in Sources */,
				A6C56AA318A106F000DFAA00 /* basic.vsh in Sources */,
				A6C56C5718A2AA5000DFAA00 /* pngrutil.c in Sources */,
				A6C56A28189FC8DF00DFAA00 /* AppDelegate.mm in Sources */,
				A6C56C5B18A2AA5000DFAA00 /* pngwio.c in Sources */,
				A6C56C2E18A139EB00DFAA00 /* Vector3.cpp in Sources */,
				A6C56C5818A2AA5000DFAA00 /* pngset.c in Sources */,
				A6C56C5318A2AA5000DFAA00 /* pngpread.c in Sources */,
				A6C56C5018A2AA5000DFAA00 /* pngerror.c in Sources */,
				A6C56C2A18A139EB00DFAA00 /* Matrix44.cpp in Sources */,
				A6C56C5E18A2AA5000DFAA00 /* pngwutil.c in Sources */,
				A6C56C2D18A139EB00DFAA00 /* Vector2.cpp in Sources */,
				A6C56C6F18A5924E00DFAA00 /* postp.vsh in Sources */,
				A6C56C7018A5924E00DFAA00 /* postp.fsh in Sources */,
				A6C56C5518A2AA5000DFAA00 /* pngrio.c in Sources */,
				A6C56A21189FC8DF00DFAA00 /* main.m in Sources */,
				A6C56C5618A2AA5000DFAA00 /* pngrtran.c in Sources */,
				A6C56C2918A139EB00DFAA00 /* Matrix33.cpp in Sources */,
				A6C56C5D18A2AA5000DFAA00 /* pngwtran.c in Sources */,
				A6C56C4F18A2AA5000DFAA00 /* png.c in Sources */,
				A6C56A5218A102DD00DFAA00 /* Quantize.cpp in Sources */,
				A6C56C5C18A2AA5000DFAA00 /* pngwrite.c in Sources */,
				A6C56C2F18A139EB00DFAA00 /* Vector4.cpp in Sources */,
				A6C56C5A18A2AA5000DFAA00 /* pngvalid.c in Sources */,
				A6C56C5418A2AA5000DFAA00 /* pngread.c in Sources */,
				A6C56C6918A58C4D00DFAA00 /* tinyxml2.cpp in Sources */,
				A6C56C2818A139EB00DFAA00 /* Intersections.cpp in Sources */,
				A6C56A4A189FCA0E00DFAA00 /* GLView.mm in Sources */,
				A6C56C2718A139EB00DFAA00 /* Frmath.cpp in Sources */,
				A6C56C5118A2AA5000DFAA00 /* pngget.c in Sources */,
				A6C56AA218A106F000DFAA00 /* basic.fsh in Sources */,
			);
			runOnlyForDeploymentPostprocessing = 0;
		};
		A6C56A2E189FC8DF00DFAA00 /* Sources */ = {
			isa = PBXSourcesBuildPhase;
			buildActionMask = 2147483647;
			files = (
			);
			runOnlyForDeploymentPostprocessing = 0;
		};
/* End PBXSourcesBuildPhase section */

/* Begin PBXTargetDependency section */
		A6C56A37189FC8DF00DFAA00 /* PBXTargetDependency */ = {
			isa = PBXTargetDependency;
			target = A6C56A10189FC8DF00DFAA00 /* Quantize */;
			targetProxy = A6C56A36189FC8DF00DFAA00 /* PBXContainerItemProxy */;
		};
/* End PBXTargetDependency section */

/* Begin PBXVariantGroup section */
		A6C56A1D189FC8DF00DFAA00 /* InfoPlist.strings */ = {
			isa = PBXVariantGroup;
			children = (
				A6C56A1E189FC8DF00DFAA00 /* en */,
			);
			name = InfoPlist.strings;
			sourceTree = "<group>";
		};
		A6C56A23189FC8DF00DFAA00 /* Credits.rtf */ = {
			isa = PBXVariantGroup;
			children = (
				A6C56A24189FC8DF00DFAA00 /* en */,
			);
			name = Credits.rtf;
			sourceTree = "<group>";
		};
		A6C56A29189FC8DF00DFAA00 /* MainMenu.xib */ = {
			isa = PBXVariantGroup;
			children = (
				A6C56A2A189FC8DF00DFAA00 /* Base */,
			);
			name = MainMenu.xib;
			sourceTree = "<group>";
		};
/* End PBXVariantGroup section */

/* Begin XCBuildConfiguration section */
		A6C56A40189FC8DF00DFAA00 /* Debug */ = {
			isa = XCBuildConfiguration;
			buildSettings = {
				ALWAYS_SEARCH_USER_PATHS = NO;
				CLANG_CXX_LANGUAGE_STANDARD = "gnu++0x";
				CLANG_CXX_LIBRARY = "libc++";
				CLANG_ENABLE_OBJC_ARC = YES;
				CLANG_WARN_BOOL_CONVERSION = YES;
				CLANG_WARN_CONSTANT_CONVERSION = YES;
				CLANG_WARN_DIRECT_OBJC_ISA_USAGE = YES_ERROR;
				CLANG_WARN_EMPTY_BODY = YES;
				CLANG_WARN_ENUM_CONVERSION = YES;
				CLANG_WARN_INT_CONVERSION = YES;
				CLANG_WARN_OBJC_ROOT_CLASS = YES_ERROR;
				CLANG_WARN__DUPLICATE_METHOD_MATCH = YES;
				COPY_PHASE_STRIP = NO;
				GCC_C_LANGUAGE_STANDARD = gnu99;
				GCC_DYNAMIC_NO_PIC = NO;
				GCC_ENABLE_OBJC_EXCEPTIONS = YES;
				GCC_OPTIMIZATION_LEVEL = 0;
				GCC_PREPROCESSOR_DEFINITIONS = (
					"DEBUG=1",
					"$(inherited)",
				);
				GCC_SYMBOLS_PRIVATE_EXTERN = NO;
				GCC_WARN_64_TO_32_BIT_CONVERSION = YES;
				GCC_WARN_ABOUT_RETURN_TYPE = YES_ERROR;
				GCC_WARN_UNDECLARED_SELECTOR = YES;
				GCC_WARN_UNINITIALIZED_AUTOS = YES;
				GCC_WARN_UNUSED_FUNCTION = YES;
				GCC_WARN_UNUSED_VARIABLE = YES;
				MACOSX_DEPLOYMENT_TARGET = 10.9;
				ONLY_ACTIVE_ARCH = YES;
				SDKROOT = macosx;
			};
			name = Debug;
		};
		A6C56A41189FC8DF00DFAA00 /* Release */ = {
			isa = XCBuildConfiguration;
			buildSettings = {
				ALWAYS_SEARCH_USER_PATHS = NO;
				CLANG_CXX_LANGUAGE_STANDARD = "gnu++0x";
				CLANG_CXX_LIBRARY = "libc++";
				CLANG_ENABLE_OBJC_ARC = YES;
				CLANG_WARN_BOOL_CONVERSION = YES;
				CLANG_WARN_CONSTANT_CONVERSION = YES;
				CLANG_WARN_DIRECT_OBJC_ISA_USAGE = YES_ERROR;
				CLANG_WARN_EMPTY_BODY = YES;
				CLANG_WARN_ENUM_CONVERSION = YES;
				CLANG_WARN_INT_CONVERSION = YES;
				CLANG_WARN_OBJC_ROOT_CLASS = YES_ERROR;
				CLANG_WARN__DUPLICATE_METHOD_MATCH = YES;
				COPY_PHASE_STRIP = YES;
				DEBUG_INFORMATION_FORMAT = "dwarf-with-dsym";
				ENABLE_NS_ASSERTIONS = NO;
				GCC_C_LANGUAGE_STANDARD = gnu99;
				GCC_ENABLE_OBJC_EXCEPTIONS = YES;
				GCC_WARN_64_TO_32_BIT_CONVERSION = YES;
				GCC_WARN_ABOUT_RETURN_TYPE = YES_ERROR;
				GCC_WARN_UNDECLARED_SELECTOR = YES;
				GCC_WARN_UNINITIALIZED_AUTOS = YES;
				GCC_WARN_UNUSED_FUNCTION = YES;
				GCC_WARN_UNUSED_VARIABLE = YES;
				MACOSX_DEPLOYMENT_TARGET = 10.9;
				SDKROOT = macosx;
			};
			name = Release;
		};
		A6C56A43189FC8DF00DFAA00 /* Debug */ = {
			isa = XCBuildConfiguration;
			buildSettings = {
				ALWAYS_SEARCH_USER_PATHS = YES;
				ASSETCATALOG_COMPILER_APPICON_NAME = AppIcon;
				COMBINE_HIDPI_IMAGES = YES;
				FRAMEWORK_SEARCH_PATHS = "$(PROJECT_DIR)/Quantize/**";
				GCC_PRECOMPILE_PREFIX_HEADER = YES;
				GCC_PREFIX_HEADER = "Quantize/Quantize-Prefix.pch";
				GCC_WARN_PEDANTIC = YES;
				INFOPLIST_FILE = "Quantize/Quantize-Info.plist";
				PRODUCT_NAME = "$(TARGET_NAME)";
				WRAPPER_EXTENSION = app;
			};
			name = Debug;
		};
		A6C56A44189FC8DF00DFAA00 /* Release */ = {
			isa = XCBuildConfiguration;
			buildSettings = {
				ALWAYS_SEARCH_USER_PATHS = YES;
				ASSETCATALOG_COMPILER_APPICON_NAME = AppIcon;
				COMBINE_HIDPI_IMAGES = YES;
				FRAMEWORK_SEARCH_PATHS = "$(PROJECT_DIR)/Quantize/**";
				GCC_PRECOMPILE_PREFIX_HEADER = YES;
				GCC_PREFIX_HEADER = "Quantize/Quantize-Prefix.pch";
				GCC_WARN_PEDANTIC = YES;
				INFOPLIST_FILE = "Quantize/Quantize-Info.plist";
				PRODUCT_NAME = "$(TARGET_NAME)";
				WRAPPER_EXTENSION = app;
			};
			name = Release;
		};
		A6C56A46189FC8DF00DFAA00 /* Debug */ = {
			isa = XCBuildConfiguration;
			buildSettings = {
				BUNDLE_LOADER = "$(BUILT_PRODUCTS_DIR)/Quantize.app/Contents/MacOS/Quantize";
				COMBINE_HIDPI_IMAGES = YES;
				FRAMEWORK_SEARCH_PATHS = (
					"$(DEVELOPER_FRAMEWORKS_DIR)",
					"$(inherited)",
				);
				GCC_PRECOMPILE_PREFIX_HEADER = YES;
				GCC_PREFIX_HEADER = "Quantize/Quantize-Prefix.pch";
				GCC_PREPROCESSOR_DEFINITIONS = (
					"DEBUG=1",
					"$(inherited)",
				);
				INFOPLIST_FILE = "QuantizeTests/QuantizeTests-Info.plist";
				PRODUCT_NAME = "$(TARGET_NAME)";
				TEST_HOST = "$(BUNDLE_LOADER)";
				WRAPPER_EXTENSION = xctest;
			};
			name = Debug;
		};
		A6C56A47189FC8DF00DFAA00 /* Release */ = {
			isa = XCBuildConfiguration;
			buildSettings = {
				BUNDLE_LOADER = "$(BUILT_PRODUCTS_DIR)/Quantize.app/Contents/MacOS/Quantize";
				COMBINE_HIDPI_IMAGES = YES;
				FRAMEWORK_SEARCH_PATHS = (
					"$(DEVELOPER_FRAMEWORKS_DIR)",
					"$(inherited)",
				);
				GCC_PRECOMPILE_PREFIX_HEADER = YES;
				GCC_PREFIX_HEADER = "Quantize/Quantize-Prefix.pch";
				INFOPLIST_FILE = "QuantizeTests/QuantizeTests-Info.plist";
				PRODUCT_NAME = "$(TARGET_NAME)";
				TEST_HOST = "$(BUNDLE_LOADER)";
				WRAPPER_EXTENSION = xctest;
			};
			name = Release;
		};
/* End XCBuildConfiguration section */

/* Begin XCConfigurationList section */
		A6C56A0C189FC8DF00DFAA00 /* Build configuration list for PBXProject "Quantize" */ = {
			isa = XCConfigurationList;
			buildConfigurations = (
				A6C56A40189FC8DF00DFAA00 /* Debug */,
				A6C56A41189FC8DF00DFAA00 /* Release */,
			);
			defaultConfigurationIsVisible = 0;
			defaultConfigurationName = Release;
		};
		A6C56A42189FC8DF00DFAA00 /* Build configuration list for PBXNativeTarget "Quantize" */ = {
			isa = XCConfigurationList;
			buildConfigurations = (
				A6C56A43189FC8DF00DFAA00 /* Debug */,
				A6C56A44189FC8DF00DFAA00 /* Release */,
			);
			defaultConfigurationIsVisible = 0;
			defaultConfigurationName = Release;
		};
		A6C56A45189FC8DF00DFAA00 /* Build configuration list for PBXNativeTarget "QuantizeTests" */ = {
			isa = XCConfigurationList;
			buildConfigurations = (
				A6C56A46189FC8DF00DFAA00 /* Debug */,
				A6C56A47189FC8DF00DFAA00 /* Release */,
			);
			defaultConfigurationIsVisible = 0;
			defaultConfigurationName = Release;
		};
/* End XCConfigurationList section */
	};
	rootObject = A6C56A09189FC8DF00DFAA00 /* Project object */;
}
